// !$*UTF8*$!
{
	archiveVersion = 1;
	classes = {
	};
	objectVersion = 50;
	objects = {

/* Begin PBXBuildFile section */
		DC0A167820A978760061A476 /* AppDelegate.swift in Sources */ = {isa = PBXBuildFile; fileRef = DC0A167720A978760061A476 /* AppDelegate.swift */; };
		DC0A167A20A978760061A476 /* ViewController.swift in Sources */ = {isa = PBXBuildFile; fileRef = DC0A167920A978760061A476 /* ViewController.swift */; };
		DC0A167D20A978760061A476 /* Main.storyboard in Resources */ = {isa = PBXBuildFile; fileRef = DC0A167B20A978760061A476 /* Main.storyboard */; };
		DC0A167F20A978770061A476 /* Assets.xcassets in Resources */ = {isa = PBXBuildFile; fileRef = DC0A167E20A978770061A476 /* Assets.xcassets */; };
		DC0A168220A978770061A476 /* LaunchScreen.storyboard in Resources */ = {isa = PBXBuildFile; fileRef = DC0A168020A978770061A476 /* LaunchScreen.storyboard */; };
		DC0A168D20A978770061A476 /* swiftTest7Tests.swift in Sources */ = {isa = PBXBuildFile; fileRef = DC0A168C20A978770061A476 /* swiftTest7Tests.swift */; };
		DC0A169820A978770061A476 /* swiftTest7UITests.swift in Sources */ = {isa = PBXBuildFile; fileRef = DC0A169720A978770061A476 /* swiftTest7UITests.swift */; };
		DC0A16A720A9791B0061A476 /* CoreLocation.framework in Frameworks */ = {isa = PBXBuildFile; fileRef = DC0A16A620A9791B0061A476 /* CoreLocation.framework */; };
/* End PBXBuildFile section */

/* Begin PBXContainerItemProxy section */
		DC0A168920A978770061A476 /* PBXContainerItemProxy */ = {
			isa = PBXContainerItemProxy;
			containerPortal = DC0A166C20A978760061A476 /* Project object */;
			proxyType = 1;
			remoteGlobalIDString = DC0A167320A978760061A476;
			remoteInfo = swiftTest7;
		};
		DC0A169420A978770061A476 /* PBXContainerItemProxy */ = {
			isa = PBXContainerItemProxy;
			containerPortal = DC0A166C20A978760061A476 /* Project object */;
			proxyType = 1;
			remoteGlobalIDString = DC0A167320A978760061A476;
			remoteInfo = swiftTest7;
		};
/* End PBXContainerItemProxy section */

/* Begin PBXFileReference section */
		DC0A167420A978760061A476 /* swiftTest7.app */ = {isa = PBXFileReference; explicitFileType = wrapper.application; includeInIndex = 0; path = swiftTest7.app; sourceTree = BUILT_PRODUCTS_DIR; };
		DC0A167720A978760061A476 /* AppDelegate.swift */ = {isa = PBXFileReference; lastKnownFileType = sourcecode.swift; path = AppDelegate.swift; sourceTree = "<group>"; };
		DC0A167920A978760061A476 /* ViewController.swift */ = {isa = PBXFileReference; lastKnownFileType = sourcecode.swift; path = ViewController.swift; sourceTree = "<group>"; };
		DC0A167C20A978760061A476 /* Base */ = {isa = PBXFileReference; lastKnownFileType = file.storyboard; name = Base; path = Base.lproj/Main.storyboard; sourceTree = "<group>"; };
		DC0A167E20A978770061A476 /* Assets.xcassets */ = {isa = PBXFileReference; lastKnownFileType = folder.assetcatalog; path = Assets.xcassets; sourceTree = "<group>"; };
		DC0A168120A978770061A476 /* Base */ = {isa = PBXFileReference; lastKnownFileType = file.storyboard; name = Base; path = Base.lproj/LaunchScreen.storyboard; sourceTree = "<group>"; };
		DC0A168320A978770061A476 /* Info.plist */ = {isa = PBXFileReference; lastKnownFileType = text.plist.xml; path = Info.plist; sourceTree = "<group>"; };
		DC0A168820A978770061A476 /* swiftTest7Tests.xctest */ = {isa = PBXFileReference; explicitFileType = wrapper.cfbundle; includeInIndex = 0; path = swiftTest7Tests.xctest; sourceTree = BUILT_PRODUCTS_DIR; };
		DC0A168C20A978770061A476 /* swiftTest7Tests.swift */ = {isa = PBXFileReference; lastKnownFileType = sourcecode.swift; path = swiftTest7Tests.swift; sourceTree = "<group>"; };
		DC0A168E20A978770061A476 /* Info.plist */ = {isa = PBXFileReference; lastKnownFileType = text.plist.xml; path = Info.plist; sourceTree = "<group>"; };
		DC0A169320A978770061A476 /* swiftTest7UITests.xctest */ = {isa = PBXFileReference; explicitFileType = wrapper.cfbundle; includeInIndex = 0; path = swiftTest7UITests.xctest; sourceTree = BUILT_PRODUCTS_DIR; };
		DC0A169720A978770061A476 /* swiftTest7UITests.swift */ = {isa = PBXFileReference; lastKnownFileType = sourcecode.swift; path = swiftTest7UITests.swift; sourceTree = "<group>"; };
		DC0A169920A978770061A476 /* Info.plist */ = {isa = PBXFileReference; lastKnownFileType = text.plist.xml; path = Info.plist; sourceTree = "<group>"; };
		DC0A16A620A9791B0061A476 /* CoreLocation.framework */ = {isa = PBXFileReference; lastKnownFileType = wrapper.framework; name = CoreLocation.framework; path = System/Library/Frameworks/CoreLocation.framework; sourceTree = SDKROOT; };
/* End PBXFileReference section */

/* Begin PBXFrameworksBuildPhase section */
		DC0A167120A978760061A476 /* Frameworks */ = {
			isa = PBXFrameworksBuildPhase;
			buildActionMask = 2147483647;
			files = (
				DC0A16A720A9791B0061A476 /* CoreLocation.framework in Frameworks */,
			);
			runOnlyForDeploymentPostprocessing = 0;
		};
		DC0A168520A978770061A476 /* Frameworks */ = {
			isa = PBXFrameworksBuildPhase;
			buildActionMask = 2147483647;
			files = (
			);
			runOnlyForDeploymentPostprocessing = 0;
		};
		DC0A169020A978770061A476 /* Frameworks */ = {
			isa = PBXFrameworksBuildPhase;
			buildActionMask = 2147483647;
			files = (
			);
			runOnlyForDeploymentPostprocessing = 0;
		};
/* End PBXFrameworksBuildPhase section */

/* Begin PBXGroup section */
		DC0A166B20A978760061A476 = {
			isa = PBXGroup;
			children = (
				DC0A167620A978760061A476 /* swiftTest7 */,
				DC0A168B20A978770061A476 /* swiftTest7Tests */,
				DC0A169620A978770061A476 /* swiftTest7UITests */,
				DC0A167520A978760061A476 /* Products */,
				DC0A16A520A9791B0061A476 /* Frameworks */,
			);
			sourceTree = "<group>";
		};
		DC0A167520A978760061A476 /* Products */ = {
			isa = PBXGroup;
			children = (
				DC0A167420A978760061A476 /* swiftTest7.app */,
				DC0A168820A978770061A476 /* swiftTest7Tests.xctest */,
				DC0A169320A978770061A476 /* swiftTest7UITests.xctest */,
			);
			name = Products;
			sourceTree = "<group>";
		};
		DC0A167620A978760061A476 /* swiftTest7 */ = {
			isa = PBXGroup;
			children = (
				DC0A167720A978760061A476 /* AppDelegate.swift */,
				DC0A167920A978760061A476 /* ViewController.swift */,
				DC0A167B20A978760061A476 /* Main.storyboard */,
				DC0A167E20A978770061A476 /* Assets.xcassets */,
				DC0A168020A978770061A476 /* LaunchScreen.storyboard */,
				DC0A168320A978770061A476 /* Info.plist */,
			);
			path = swiftTest7;
			sourceTree = "<group>";
		};
		DC0A168B20A978770061A476 /* swiftTest7Tests */ = {
			isa = PBXGroup;
			children = (
				DC0A168C20A978770061A476 /* swiftTest7Tests.swift */,
				DC0A168E20A978770061A476 /* Info.plist */,
			);
			path = swiftTest7Tests;
			sourceTree = "<group>";
		};
		DC0A169620A978770061A476 /* swiftTest7UITests */ = {
			isa = PBXGroup;
			children = (
				DC0A169720A978770061A476 /* swiftTest7UITests.swift */,
				DC0A169920A978770061A476 /* Info.plist */,
			);
			path = swiftTest7UITests;
			sourceTree = "<group>";
		};
		DC0A16A520A9791B0061A476 /* Frameworks */ = {
			isa = PBXGroup;
			children = (
				DC0A16A620A9791B0061A476 /* CoreLocation.framework */,
			);
			name = Frameworks;
			sourceTree = "<group>";
		};
/* End PBXGroup section */

/* Begin PBXNativeTarget section */
		DC0A167320A978760061A476 /* swiftTest7 */ = {
			isa = PBXNativeTarget;
			buildConfigurationList = DC0A169C20A978770061A476 /* Build configuration list for PBXNativeTarget "swiftTest7" */;
			buildPhases = (
				DC0A167020A978760061A476 /* Sources */,
				DC0A167120A978760061A476 /* Frameworks */,
				DC0A167220A978760061A476 /* Resources */,
			);
			buildRules = (
			);
			dependencies = (
			);
			name = swiftTest7;
			productName = swiftTest7;
			productReference = DC0A167420A978760061A476 /* swiftTest7.app */;
			productType = "com.apple.product-type.application";
		};
		DC0A168720A978770061A476 /* swiftTest7Tests */ = {
			isa = PBXNativeTarget;
			buildConfigurationList = DC0A169F20A978770061A476 /* Build configuration list for PBXNativeTarget "swiftTest7Tests" */;
			buildPhases = (
				DC0A168420A978770061A476 /* Sources */,
				DC0A168520A978770061A476 /* Frameworks */,
				DC0A168620A978770061A476 /* Resources */,
			);
			buildRules = (
			);
			dependencies = (
				DC0A168A20A978770061A476 /* PBXTargetDependency */,
			);
			name = swiftTest7Tests;
			productName = swiftTest7Tests;
			productReference = DC0A168820A978770061A476 /* swiftTest7Tests.xctest */;
			productType = "com.apple.product-type.bundle.unit-test";
		};
		DC0A169220A978770061A476 /* swiftTest7UITests */ = {
			isa = PBXNativeTarget;
			buildConfigurationList = DC0A16A220A978770061A476 /* Build configuration list for PBXNativeTarget "swiftTest7UITests" */;
			buildPhases = (
				DC0A168F20A978770061A476 /* Sources */,
				DC0A169020A978770061A476 /* Frameworks */,
				DC0A169120A978770061A476 /* Resources */,
			);
			buildRules = (
			);
			dependencies = (
				DC0A169520A978770061A476 /* PBXTargetDependency */,
			);
			name = swiftTest7UITests;
			productName = swiftTest7UITests;
			productReference = DC0A169320A978770061A476 /* swiftTest7UITests.xctest */;
			productType = "com.apple.product-type.bundle.ui-testing";
		};
/* End PBXNativeTarget section */

/* Begin PBXProject section */
		DC0A166C20A978760061A476 /* Project object */ = {
			isa = PBXProject;
			attributes = {
				LastSwiftUpdateCheck = 0930;
				LastUpgradeCheck = 0930;
				ORGANIZATIONNAME = "李俊成";
				TargetAttributes = {
					DC0A167320A978760061A476 = {
						CreatedOnToolsVersion = 9.3;
					};
					DC0A168720A978770061A476 = {
						CreatedOnToolsVersion = 9.3;
						TestTargetID = DC0A167320A978760061A476;
					};
					DC0A169220A978770061A476 = {
						CreatedOnToolsVersion = 9.3;
						TestTargetID = DC0A167320A978760061A476;
					};
				};
			};
			buildConfigurationList = DC0A166F20A978760061A476 /* Build configuration list for PBXProject "swiftTest7" */;
			compatibilityVersion = "Xcode 9.3";
			developmentRegion = en;
			hasScannedForEncodings = 0;
			knownRegions = (
				en,
				Base,
			);
			mainGroup = DC0A166B20A978760061A476;
			productRefGroup = DC0A167520A978760061A476 /* Products */;
			projectDirPath = "";
			projectRoot = "";
			targets = (
				DC0A167320A978760061A476 /* swiftTest7 */,
				DC0A168720A978770061A476 /* swiftTest7Tests */,
				DC0A169220A978770061A476 /* swiftTest7UITests */,
			);
		};
/* End PBXProject section */

/* Begin PBXResourcesBuildPhase section */
		DC0A167220A978760061A476 /* Resources */ = {
			isa = PBXResourcesBuildPhase;
			buildActionMask = 2147483647;
			files = (
				DC0A168220A978770061A476 /* LaunchScreen.storyboard in Resources */,
				DC0A167F20A978770061A476 /* Assets.xcassets in Resources */,
				DC0A167D20A978760061A476 /* Main.storyboard in Resources */,
			);
			runOnlyForDeploymentPostprocessing = 0;
		};
		DC0A168620A978770061A476 /* Resources */ = {
			isa = PBXResourcesBuildPhase;
			buildActionMask = 2147483647;
			files = (
			);
			runOnlyForDeploymentPostprocessing = 0;
		};
		DC0A169120A978770061A476 /* Resources */ = {
			isa = PBXResourcesBuildPhase;
			buildActionMask = 2147483647;
			files = (
			);
			runOnlyForDeploymentPostprocessing = 0;
		};
/* End PBXResourcesBuildPhase section */

/* Begin PBXSourcesBuildPhase section */
		DC0A167020A978760061A476 /* Sources */ = {
			isa = PBXSourcesBuildPhase;
			buildActionMask = 2147483647;
			files = (
				DC0A167A20A978760061A476 /* ViewController.swift in Sources */,
				DC0A167820A978760061A476 /* AppDelegate.swift in Sources */,
			);
			runOnlyForDeploymentPostprocessing = 0;
		};
		DC0A168420A978770061A476 /* Sources */ = {
			isa = PBXSourcesBuildPhase;
			buildActionMask = 2147483647;
			files = (
				DC0A168D20A978770061A476 /* swiftTest7Tests.swift in Sources */,
			);
			runOnlyForDeploymentPostprocessing = 0;
		};
		DC0A168F20A978770061A476 /* Sources */ = {
			isa = PBXSourcesBuildPhase;
			buildActionMask = 2147483647;
			files = (
				DC0A169820A978770061A476 /* swiftTest7UITests.swift in Sources */,
			);
			runOnlyForDeploymentPostprocessing = 0;
		};
/* End PBXSourcesBuildPhase section */

/* Begin PBXTargetDependency section */
		DC0A168A20A978770061A476 /* PBXTargetDependency */ = {
			isa = PBXTargetDependency;
			target = DC0A167320A978760061A476 /* swiftTest7 */;
			targetProxy = DC0A168920A978770061A476 /* PBXContainerItemProxy */;
		};
		DC0A169520A978770061A476 /* PBXTargetDependency */ = {
			isa = PBXTargetDependency;
			target = DC0A167320A978760061A476 /* swiftTest7 */;
			targetProxy = DC0A169420A978770061A476 /* PBXContainerItemProxy */;
		};
/* End PBXTargetDependency section */

/* Begin PBXVariantGroup section */
		DC0A167B20A978760061A476 /* Main.storyboard */ = {
			isa = PBXVariantGroup;
			children = (
				DC0A167C20A978760061A476 /* Base */,
			);
			name = Main.storyboard;
			sourceTree = "<group>";
		};
		DC0A168020A978770061A476 /* LaunchScreen.storyboard */ = {
			isa = PBXVariantGroup;
			children = (
				DC0A168120A978770061A476 /* Base */,
			);
			name = LaunchScreen.storyboard;
			sourceTree = "<group>";
		};
/* End PBXVariantGroup section */

/* Begin XCBuildConfiguration section */
		DC0A169A20A978770061A476 /* Debug */ = {
			isa = XCBuildConfiguration;
			buildSettings = {
				ALWAYS_SEARCH_USER_PATHS = NO;
				CLANG_ANALYZER_NONNULL = YES;
				CLANG_ANALYZER_NUMBER_OBJECT_CONVERSION = YES_AGGRESSIVE;
				CLANG_CXX_LANGUAGE_STANDARD = "gnu++14";
				CLANG_CXX_LIBRARY = "libc++";
				CLANG_ENABLE_MODULES = YES;
				CLANG_ENABLE_OBJC_ARC = YES;
				CLANG_ENABLE_OBJC_WEAK = YES;
				CLANG_WARN_BLOCK_CAPTURE_AUTORELEASING = YES;
				CLANG_WARN_BOOL_CONVERSION = YES;
				CLANG_WARN_COMMA = YES;
				CLANG_WARN_CONSTANT_CONVERSION = YES;
				CLANG_WARN_DEPRECATED_OBJC_IMPLEMENTATIONS = YES;
				CLANG_WARN_DIRECT_OBJC_ISA_USAGE = YES_ERROR;
				CLANG_WARN_DOCUMENTATION_COMMENTS = YES;
				CLANG_WARN_EMPTY_BODY = YES;
				CLANG_WARN_ENUM_CONVERSION = YES;
				CLANG_WARN_INFINITE_RECURSION = YES;
				CLANG_WARN_INT_CONVERSION = YES;
				CLANG_WARN_NON_LITERAL_NULL_CONVERSION = YES;
				CLANG_WARN_OBJC_IMPLICIT_RETAIN_SELF = YES;
				CLANG_WARN_OBJC_LITERAL_CONVERSION = YES;
				CLANG_WARN_OBJC_ROOT_CLASS = YES_ERROR;
				CLANG_WARN_RANGE_LOOP_ANALYSIS = YES;
				CLANG_WARN_STRICT_PROTOTYPES = YES;
				CLANG_WARN_SUSPICIOUS_MOVE = YES;
				CLANG_WARN_UNGUARDED_AVAILABILITY = YES_AGGRESSIVE;
				CLANG_WARN_UNREACHABLE_CODE = YES;
				CLANG_WARN__DUPLICATE_METHOD_MATCH = YES;
				CODE_SIGN_IDENTITY = "iPhone Developer";
				COPY_PHASE_STRIP = NO;
				DEBUG_INFORMATION_FORMAT = dwarf;
				ENABLE_STRICT_OBJC_MSGSEND = YES;
				ENABLE_TESTABILITY = YES;
				GCC_C_LANGUAGE_STANDARD = gnu11;
				GCC_DYNAMIC_NO_PIC = NO;
				GCC_NO_COMMON_BLOCKS = YES;
				GCC_OPTIMIZATION_LEVEL = 0;
				GCC_PREPROCESSOR_DEFINITIONS = (
					"DEBUG=1",
					"$(inherited)",
				);
				GCC_WARN_64_TO_32_BIT_CONVERSION = YES;
				GCC_WARN_ABOUT_RETURN_TYPE = YES_ERROR;
				GCC_WARN_UNDECLARED_SELECTOR = YES;
				GCC_WARN_UNINITIALIZED_AUTOS = YES_AGGRESSIVE;
				GCC_WARN_UNUSED_FUNCTION = YES;
				GCC_WARN_UNUSED_VARIABLE = YES;
				IPHONEOS_DEPLOYMENT_TARGET = 11.3;
				MTL_ENABLE_DEBUG_INFO = YES;
				ONLY_ACTIVE_ARCH = YES;
				SDKROOT = iphoneos;
				SWIFT_ACTIVE_COMPILATION_CONDITIONS = DEBUG;
				SWIFT_OPTIMIZATION_LEVEL = "-Onone";
			};
			name = Debug;
		};
		DC0A169B20A978770061A476 /* Release */ = {
			isa = XCBuildConfiguration;
			buildSettings = {
				ALWAYS_SEARCH_USER_PATHS = NO;
				CLANG_ANALYZER_NONNULL = YES;
				CLANG_ANALYZER_NUMBER_OBJECT_CONVERSION = YES_AGGRESSIVE;
				CLANG_CXX_LANGUAGE_STANDARD = "gnu++14";
				CLANG_CXX_LIBRARY = "libc++";
				CLANG_ENABLE_MODULES = YES;
				CLANG_ENABLE_OBJC_ARC = YES;
				CLANG_ENABLE_OBJC_WEAK = YES;
				CLANG_WARN_BLOCK_CAPTURE_AUTORELEASING = YES;
				CLANG_WARN_BOOL_CONVERSION = YES;
				CLANG_WARN_COMMA = YES;
				CLANG_WARN_CONSTANT_CONVERSION = YES;
				CLANG_WARN_DEPRECATED_OBJC_IMPLEMENTATIONS = YES;
				CLANG_WARN_DIRECT_OBJC_ISA_USAGE = YES_ERROR;
				CLANG_WARN_DOCUMENTATION_COMMENTS = YES;
				CLANG_WARN_EMPTY_BODY = YES;
				CLANG_WARN_ENUM_CONVERSION = YES;
				CLANG_WARN_INFINITE_RECURSION = YES;
				CLANG_WARN_INT_CONVERSION = YES;
				CLANG_WARN_NON_LITERAL_NULL_CONVERSION = YES;
				CLANG_WARN_OBJC_IMPLICIT_RETAIN_SELF = YES;
				CLANG_WARN_OBJC_LITERAL_CONVERSION = YES;
				CLANG_WARN_OBJC_ROOT_CLASS = YES_ERROR;
				CLANG_WARN_RANGE_LOOP_ANALYSIS = YES;
				CLANG_WARN_STRICT_PROTOTYPES = YES;
				CLANG_WARN_SUSPICIOUS_MOVE = YES;
				CLANG_WARN_UNGUARDED_AVAILABILITY = YES_AGGRESSIVE;
				CLANG_WARN_UNREACHABLE_CODE = YES;
				CLANG_WARN__DUPLICATE_METHOD_MATCH = YES;
				CODE_SIGN_IDENTITY = "iPhone Developer";
				COPY_PHASE_STRIP = NO;
				DEBUG_INFORMATION_FORMAT = "dwarf-with-dsym";
				ENABLE_NS_ASSERTIONS = NO;
				ENABLE_STRICT_OBJC_MSGSEND = YES;
				GCC_C_LANGUAGE_STANDARD = gnu11;
				GCC_NO_COMMON_BLOCKS = YES;
				GCC_WARN_64_TO_32_BIT_CONVERSION = YES;
				GCC_WARN_ABOUT_RETURN_TYPE = YES_ERROR;
				GCC_WARN_UNDECLARED_SELECTOR = YES;
				GCC_WARN_UNINITIALIZED_AUTOS = YES_AGGRESSIVE;
				GCC_WARN_UNUSED_FUNCTION = YES;
				GCC_WARN_UNUSED_VARIABLE = YES;
				IPHONEOS_DEPLOYMENT_TARGET = 11.3;
				MTL_ENABLE_DEBUG_INFO = NO;
				SDKROOT = iphoneos;
				SWIFT_COMPILATION_MODE = wholemodule;
				SWIFT_OPTIMIZATION_LEVEL = "-O";
				VALIDATE_PRODUCT = YES;
			};
			name = Release;
		};
		DC0A169D20A978770061A476 /* Debug */ = {
			isa = XCBuildConfiguration;
			buildSettings = {
				ASSETCATALOG_COMPILER_APPICON_NAME = AppIcon;
				CODE_SIGN_STYLE = Automatic;
				DEVELOPMENT_TEAM = 9E3ZTJ42T2;
				INFOPLIST_FILE = swiftTest7/Info.plist;
				IPHONEOS_DEPLOYMENT_TARGET = 9.0;
				LD_RUNPATH_SEARCH_PATHS = (
					"$(inherited)",
					"@executable_path/Frameworks",
				);
				PRODUCT_BUNDLE_IDENTIFIER = ljc.swiftTest;
				PRODUCT_NAME = "$(TARGET_NAME)";
				SWIFT_VERSION = 4.0;
				TARGETED_DEVICE_FAMILY = "1,2";
			};
			name = Debug;
		};
		DC0A169E20A978770061A476 /* Release */ = {
			isa = XCBuildConfiguration;
			buildSettings = {
				ASSETCATALOG_COMPILER_APPICON_NAME = AppIcon;
				CODE_SIGN_STYLE = Automatic;
				DEVELOPMENT_TEAM = 9E3ZTJ42T2;
				INFOPLIST_FILE = swiftTest7/Info.plist;
				IPHONEOS_DEPLOYMENT_TARGET = 9.0;
				LD_RUNPATH_SEARCH_PATHS = (
					"$(inherited)",
					"@executable_path/Frameworks",
				);
				PRODUCT_BUNDLE_IDENTIFIER = ljc.swiftTest;
				PRODUCT_NAME = "$(TARGET_NAME)";
				SWIFT_VERSION = 4.0;
				TARGETED_DEVICE_FAMILY = "1,2";
			};
			name = Release;
		};
		DC0A16A020A978770061A476 /* Debug */ = {
			isa = XCBuildConfiguration;
			buildSettings = {
				ALWAYS_EMBED_SWIFT_STANDARD_LIBRARIES = YES;
				BUNDLE_LOADER = "$(TEST_HOST)";
				CODE_SIGN_STYLE = Automatic;
				DEVELOPMENT_TEAM = 9E3ZTJ42T2;
				INFOPLIST_FILE = swiftTest7Tests/Info.plist;
				LD_RUNPATH_SEARCH_PATHS = (
					"$(inherited)",
					"@executable_path/Frameworks",
					"@loader_path/Frameworks",
				);
				PRODUCT_BUNDLE_IDENTIFIER = ljc.swiftTest7Tests;
				PRODUCT_NAME = "$(TARGET_NAME)";
				SWIFT_VERSION = 4.0;
				TARGETED_DEVICE_FAMILY = "1,2";
				TEST_HOST = "$(BUILT_PRODUCTS_DIR)/swiftTest7.app/swiftTest7";
			};
			name = Debug;
		};
		DC0A16A120A978770061A476 /* Release */ = {
			isa = XCBuildConfiguration;
			buildSettings = {
				ALWAYS_EMBED_SWIFT_STANDARD_LIBRARIES = YES;
				BUNDLE_LOADER = "$(TEST_HOST)";
				CODE_SIGN_STYLE = Automatic;
				DEVELOPMENT_TEAM = 9E3ZTJ42T2;
				INFOPLIST_FILE = swiftTest7Tests/Info.plist;
				LD_RUNPATH_SEARCH_PATHS = (
					"$(inherited)",
					"@executable_path/Frameworks",
					"@loader_path/Frameworks",
				);
				PRODUCT_BUNDLE_IDENTIFIER = ljc.swiftTest7Tests;
				PRODUCT_NAME = "$(TARGET_NAME)";
				SWIFT_VERSION = 4.0;
				TARGETED_DEVICE_FAMILY = "1,2";
				TEST_HOST = "$(BUILT_PRODUCTS_DIR)/swiftTest7.app/swiftTest7";
			};
			name = Release;
		};
		DC0A16A320A978770061A476 /* Debug */ = {
			isa = XCBuildConfiguration;
			buildSettings = {
				ALWAYS_EMBED_SWIFT_STANDARD_LIBRARIES = YES;
				CODE_SIGN_STYLE = Automatic;
				DEVELOPMENT_TEAM = 9E3ZTJ42T2;
				INFOPLIST_FILE = swiftTest7UITests/Info.plist;
				LD_RUNPATH_SEARCH_PATHS = (
					"$(inherited)",
					"@executable_path/Frameworks",
					"@loader_path/Frameworks",
				);
				PRODUCT_BUNDLE_IDENTIFIER = ljc.swiftTest7UITests;
				PRODUCT_NAME = "$(TARGET_NAME)";
				SWIFT_VERSION = 4.0;
				TARGETED_DEVICE_FAMILY = "1,2";
				TEST_TARGET_NAME = swiftTest7;
			};
			name = Debug;
		};
		DC0A16A420A978770061A476 /* Release */ = {
			isa = XCBuildConfiguration;
			buildSettings = {
				ALWAYS_EMBED_SWIFT_STANDARD_LIBRARIES = YES;
				CODE_SIGN_STYLE = Automatic;
				DEVELOPMENT_TEAM = 9E3ZTJ42T2;
				INFOPLIST_FILE = swiftTest7UITests/Info.plist;
				LD_RUNPATH_SEARCH_PATHS = (
					"$(inherited)",
					"@executable_path/Frameworks",
					"@loader_path/Frameworks",
				);
				PRODUCT_BUNDLE_IDENTIFIER = ljc.swiftTest7UITests;
				PRODUCT_NAME = "$(TARGET_NAME)";
				SWIFT_VERSION = 4.0;
				TARGETED_DEVICE_FAMILY = "1,2";
				TEST_TARGET_NAME = swiftTest7;
			};
			name = Release;
		};
/* End XCBuildConfiguration section */

/* Begin XCConfigurationList section */
		DC0A166F20A978760061A476 /* Build configuration list for PBXProject "swiftTest7" */ = {
			isa = XCConfigurationList;
			buildConfigurations = (
				DC0A169A20A978770061A476 /* Debug */,
				DC0A169B20A978770061A476 /* Release */,
			);
			defaultConfigurationIsVisible = 0;
			defaultConfigurationName = Release;
		};
		DC0A169C20A978770061A476 /* Build configuration list for PBXNativeTarget "swiftTest7" */ = {
			isa = XCConfigurationList;
			buildConfigurations = (
				DC0A169D20A978770061A476 /* Debug */,
				DC0A169E20A978770061A476 /* Release */,
			);
			defaultConfigurationIsVisible = 0;
			defaultConfigurationName = Release;
		};
		DC0A169F20A978770061A476 /* Build configuration list for PBXNativeTarget "swiftTest7Tests" */ = {
			isa = XCConfigurationList;
			buildConfigurations = (
				DC0A16A020A978770061A476 /* Debug */,
				DC0A16A120A978770061A476 /* Release */,
			);
			defaultConfigurationIsVisible = 0;
			defaultConfigurationName = Release;
		};
		DC0A16A220A978770061A476 /* Build configuration list for PBXNativeTarget "swiftTest7UITests" */ = {
			isa = XCConfigurationList;
			buildConfigurations = (
				DC0A16A320A978770061A476 /* Debug */,
				DC0A16A420A978770061A476 /* Release */,
			);
			defaultConfigurationIsVisible = 0;
			defaultConfigurationName = Release;
		};
/* End XCConfigurationList section */
	};
	rootObject = DC0A166C20A978760061A476 /* Project object */;
}
