// !$*UTF8*$!
{
	archiveVersion = 1;
	classes = {
	};
	objectVersion = 50;
	objects = {

/* Begin PBXBuildFile section */
		DCF1699220B505BA000CCE6F /* AppDelegate.swift in Sources */ = {isa = PBXBuildFile; fileRef = DCF1699120B505BA000CCE6F /* AppDelegate.swift */; };
		DCF1699420B505BA000CCE6F /* ViewController.swift in Sources */ = {isa = PBXBuildFile; fileRef = DCF1699320B505BA000CCE6F /* ViewController.swift */; };
		DCF1699720B505BA000CCE6F /* Main.storyboard in Resources */ = {isa = PBXBuildFile; fileRef = DCF1699520B505BA000CCE6F /* Main.storyboard */; };
		DCF1699920B505BB000CCE6F /* Assets.xcassets in Resources */ = {isa = PBXBuildFile; fileRef = DCF1699820B505BB000CCE6F /* Assets.xcassets */; };
		DCF1699C20B505BB000CCE6F /* LaunchScreen.storyboard in Resources */ = {isa = PBXBuildFile; fileRef = DCF1699A20B505BB000CCE6F /* LaunchScreen.storyboard */; };
		DCF16B8920B5465F000CCE6F /* Alamofire.framework in Frameworks */ = {isa = PBXBuildFile; fileRef = DCF16B7C20B54622000CCE6F /* Alamofire.framework */; };
		DCF16B8A20B5465F000CCE6F /* Alamofire.framework in Embed Frameworks */ = {isa = PBXBuildFile; fileRef = DCF16B7C20B54622000CCE6F /* Alamofire.framework */; settings = {ATTRIBUTES = (CodeSignOnCopy, RemoveHeadersOnCopy, ); }; };
		DCF16BCE20B551BF000CCE6F /* SwiftyJSON.framework in Frameworks */ = {isa = PBXBuildFile; fileRef = DCF16BC120B551A7000CCE6F /* SwiftyJSON.framework */; };
		DCF16BCF20B551BF000CCE6F /* SwiftyJSON.framework in Embed Frameworks */ = {isa = PBXBuildFile; fileRef = DCF16BC120B551A7000CCE6F /* SwiftyJSON.framework */; settings = {ATTRIBUTES = (CodeSignOnCopy, RemoveHeadersOnCopy, ); }; };
/* End PBXBuildFile section */

/* Begin PBXContainerItemProxy section */
		DCF16B7B20B54622000CCE6F /* PBXContainerItemProxy */ = {
			isa = PBXContainerItemProxy;
			containerPortal = DCF16B7020B54622000CCE6F /* Alamofire.xcodeproj */;
			proxyType = 2;
			remoteGlobalIDString = F8111E3319A95C8B0040E7D1;
			remoteInfo = "Alamofire iOS";
		};
		DCF16B7D20B54622000CCE6F /* PBXContainerItemProxy */ = {
			isa = PBXContainerItemProxy;
			containerPortal = DCF16B7020B54622000CCE6F /* Alamofire.xcodeproj */;
			proxyType = 2;
			remoteGlobalIDString = F8111E3E19A95C8B0040E7D1;
			remoteInfo = "Alamofire iOS Tests";
		};
		DCF16B7F20B54622000CCE6F /* PBXContainerItemProxy */ = {
			isa = PBXContainerItemProxy;
			containerPortal = DCF16B7020B54622000CCE6F /* Alamofire.xcodeproj */;
			proxyType = 2;
			remoteGlobalIDString = 4DD67C0B1A5C55C900ED2280;
			remoteInfo = "Alamofire macOS";
		};
		DCF16B8120B54622000CCE6F /* PBXContainerItemProxy */ = {
			isa = PBXContainerItemProxy;
			containerPortal = DCF16B7020B54622000CCE6F /* Alamofire.xcodeproj */;
			proxyType = 2;
			remoteGlobalIDString = F829C6B21A7A94F100A2CD59;
			remoteInfo = "Alamofire macOS Tests";
		};
		DCF16B8320B54622000CCE6F /* PBXContainerItemProxy */ = {
			isa = PBXContainerItemProxy;
			containerPortal = DCF16B7020B54622000CCE6F /* Alamofire.xcodeproj */;
			proxyType = 2;
			remoteGlobalIDString = 4CF626EF1BA7CB3E0011A099;
			remoteInfo = "Alamofire tvOS";
		};
		DCF16B8520B54622000CCE6F /* PBXContainerItemProxy */ = {
			isa = PBXContainerItemProxy;
			containerPortal = DCF16B7020B54622000CCE6F /* Alamofire.xcodeproj */;
			proxyType = 2;
			remoteGlobalIDString = 4CF626F81BA7CB3E0011A099;
			remoteInfo = "Alamofire tvOS Tests";
		};
		DCF16B8720B54622000CCE6F /* PBXContainerItemProxy */ = {
			isa = PBXContainerItemProxy;
			containerPortal = DCF16B7020B54622000CCE6F /* Alamofire.xcodeproj */;
			proxyType = 2;
			remoteGlobalIDString = E4202FE01B667AA100C997FB;
			remoteInfo = "Alamofire watchOS";
		};
		DCF16B8B20B5465F000CCE6F /* PBXContainerItemProxy */ = {
			isa = PBXContainerItemProxy;
			containerPortal = DCF16B7020B54622000CCE6F /* Alamofire.xcodeproj */;
			proxyType = 1;
			remoteGlobalIDString = F8111E3219A95C8B0040E7D1;
			remoteInfo = "Alamofire iOS";
		};
		DCF16BC020B551A7000CCE6F /* PBXContainerItemProxy */ = {
			isa = PBXContainerItemProxy;
			containerPortal = DCF16BAE20B551A7000CCE6F /* SwiftyJSON.xcodeproj */;
			proxyType = 2;
			remoteGlobalIDString = 2E4FEFDB19575BE100351305;
			remoteInfo = "SwiftyJSON iOS";
		};
		DCF16BC220B551A7000CCE6F /* PBXContainerItemProxy */ = {
			isa = PBXContainerItemProxy;
			containerPortal = DCF16BAE20B551A7000CCE6F /* SwiftyJSON.xcodeproj */;
			proxyType = 2;
			remoteGlobalIDString = 2E4FEFE619575BE100351305;
			remoteInfo = "SwiftyJSON iOS Tests";
		};
		DCF16BC420B551A7000CCE6F /* PBXContainerItemProxy */ = {
			isa = PBXContainerItemProxy;
			containerPortal = DCF16BAE20B551A7000CCE6F /* SwiftyJSON.xcodeproj */;
			proxyType = 2;
			remoteGlobalIDString = 9C7DFC5B1A9102BD005AA3F7;
			remoteInfo = "SwiftyJSON macOS";
		};
		DCF16BC620B551A7000CCE6F /* PBXContainerItemProxy */ = {
			isa = PBXContainerItemProxy;
			containerPortal = DCF16BAE20B551A7000CCE6F /* SwiftyJSON.xcodeproj */;
			proxyType = 2;
			remoteGlobalIDString = 9C7DFC651A9102BD005AA3F7;
			remoteInfo = "SwiftyJSON macOS Tests";
		};
		DCF16BC820B551A7000CCE6F /* PBXContainerItemProxy */ = {
			isa = PBXContainerItemProxy;
			containerPortal = DCF16BAE20B551A7000CCE6F /* SwiftyJSON.xcodeproj */;
			proxyType = 2;
			remoteGlobalIDString = E4D7CCE81B9465A700EE7221;
			remoteInfo = "SwiftyJSON watchOS";
		};
		DCF16BCA20B551A7000CCE6F /* PBXContainerItemProxy */ = {
			isa = PBXContainerItemProxy;
			containerPortal = DCF16BAE20B551A7000CCE6F /* SwiftyJSON.xcodeproj */;
			proxyType = 2;
			remoteGlobalIDString = 7236B4F61BAC14150020529B;
			remoteInfo = "SwiftyJSON tvOS";
		};
		DCF16BCC20B551A7000CCE6F /* PBXContainerItemProxy */ = {
			isa = PBXContainerItemProxy;
			containerPortal = DCF16BAE20B551A7000CCE6F /* SwiftyJSON.xcodeproj */;
			proxyType = 2;
			remoteGlobalIDString = A8580F741BCF5C5B00DA927B;
			remoteInfo = "SwiftyJSON tvOS Tests";
		};
		DCF16BD020B551BF000CCE6F /* PBXContainerItemProxy */ = {
			isa = PBXContainerItemProxy;
			containerPortal = DCF16BAE20B551A7000CCE6F /* SwiftyJSON.xcodeproj */;
			proxyType = 1;
			remoteGlobalIDString = 2E4FEFDA19575BE100351305;
			remoteInfo = "SwiftyJSON iOS";
		};
/* End PBXContainerItemProxy section */

/* Begin PBXCopyFilesBuildPhase section */
		DCF16B8D20B54660000CCE6F /* Embed Frameworks */ = {
			isa = PBXCopyFilesBuildPhase;
			buildActionMask = 2147483647;
			dstPath = "";
			dstSubfolderSpec = 10;
			files = (
				DCF16BCF20B551BF000CCE6F /* SwiftyJSON.framework in Embed Frameworks */,
				DCF16B8A20B5465F000CCE6F /* Alamofire.framework in Embed Frameworks */,
			);
			name = "Embed Frameworks";
			runOnlyForDeploymentPostprocessing = 0;
		};
/* End PBXCopyFilesBuildPhase section */

/* Begin PBXFileReference section */
		DCF1698E20B505BA000CCE6F /* swiftTest26_网络请求.app */ = {isa = PBXFileReference; explicitFileType = wrapper.application; includeInIndex = 0; path = "swiftTest26_网络请求.app"; sourceTree = BUILT_PRODUCTS_DIR; };
		DCF1699120B505BA000CCE6F /* AppDelegate.swift */ = {isa = PBXFileReference; lastKnownFileType = sourcecode.swift; path = AppDelegate.swift; sourceTree = "<group>"; };
		DCF1699320B505BA000CCE6F /* ViewController.swift */ = {isa = PBXFileReference; lastKnownFileType = sourcecode.swift; path = ViewController.swift; sourceTree = "<group>"; };
		DCF1699620B505BA000CCE6F /* Base */ = {isa = PBXFileReference; lastKnownFileType = file.storyboard; name = Base; path = Base.lproj/Main.storyboard; sourceTree = "<group>"; };
		DCF1699820B505BB000CCE6F /* Assets.xcassets */ = {isa = PBXFileReference; lastKnownFileType = folder.assetcatalog; path = Assets.xcassets; sourceTree = "<group>"; };
		DCF1699B20B505BB000CCE6F /* Base */ = {isa = PBXFileReference; lastKnownFileType = file.storyboard; name = Base; path = Base.lproj/LaunchScreen.storyboard; sourceTree = "<group>"; };
		DCF1699D20B505BB000CCE6F /* Info.plist */ = {isa = PBXFileReference; lastKnownFileType = text.plist.xml; path = Info.plist; sourceTree = "<group>"; };
		DCF16B7020B54622000CCE6F /* Alamofire.xcodeproj */ = {isa = PBXFileReference; lastKnownFileType = "wrapper.pb-project"; name = Alamofire.xcodeproj; path = "Alamofire-4.7.1/Alamofire.xcodeproj"; sourceTree = SOURCE_ROOT; };
		DCF16BAE20B551A7000CCE6F /* SwiftyJSON.xcodeproj */ = {isa = PBXFileReference; lastKnownFileType = "wrapper.pb-project"; name = SwiftyJSON.xcodeproj; path = "SwiftyJSON-4.1.0/SwiftyJSON.xcodeproj"; sourceTree = SOURCE_ROOT; };
/* End PBXFileReference section */

/* Begin PBXFrameworksBuildPhase section */
		DCF1698B20B505BA000CCE6F /* Frameworks */ = {
			isa = PBXFrameworksBuildPhase;
			buildActionMask = 2147483647;
			files = (
				DCF16BCE20B551BF000CCE6F /* SwiftyJSON.framework in Frameworks */,
				DCF16B8920B5465F000CCE6F /* Alamofire.framework in Frameworks */,
			);
			runOnlyForDeploymentPostprocessing = 0;
		};
/* End PBXFrameworksBuildPhase section */

/* Begin PBXGroup section */
		DCF1698520B505BA000CCE6F = {
			isa = PBXGroup;
			children = (
				DCF1699020B505BA000CCE6F /* swiftTest26_网络请求 */,
				DCF1698F20B505BA000CCE6F /* Products */,
			);
			sourceTree = "<group>";
		};
		DCF1698F20B505BA000CCE6F /* Products */ = {
			isa = PBXGroup;
			children = (
				DCF1698E20B505BA000CCE6F /* swiftTest26_网络请求.app */,
			);
			name = Products;
			sourceTree = "<group>";
		};
		DCF1699020B505BA000CCE6F /* swiftTest26_网络请求 */ = {
			isa = PBXGroup;
			children = (
				DCF16BAE20B551A7000CCE6F /* SwiftyJSON.xcodeproj */,
				DCF16B7020B54622000CCE6F /* Alamofire.xcodeproj */,
				DCF1699120B505BA000CCE6F /* AppDelegate.swift */,
				DCF1699320B505BA000CCE6F /* ViewController.swift */,
				DCF1699520B505BA000CCE6F /* Main.storyboard */,
				DCF1699820B505BB000CCE6F /* Assets.xcassets */,
				DCF1699A20B505BB000CCE6F /* LaunchScreen.storyboard */,
				DCF1699D20B505BB000CCE6F /* Info.plist */,
			);
			path = "swiftTest26_网络请求";
			sourceTree = "<group>";
		};
		DCF16B7120B54622000CCE6F /* Products */ = {
			isa = PBXGroup;
			children = (
				DCF16B7C20B54622000CCE6F /* Alamofire.framework */,
				DCF16B7E20B54622000CCE6F /* Alamofire iOS Tests.xctest */,
				DCF16B8020B54622000CCE6F /* Alamofire.framework */,
				DCF16B8220B54622000CCE6F /* Alamofire macOS Tests.xctest */,
				DCF16B8420B54622000CCE6F /* Alamofire.framework */,
				DCF16B8620B54622000CCE6F /* Alamofire tvOS Tests.xctest */,
				DCF16B8820B54622000CCE6F /* Alamofire.framework */,
			);
			name = Products;
			sourceTree = "<group>";
		};
		DCF16BAF20B551A7000CCE6F /* Products */ = {
			isa = PBXGroup;
			children = (
				DCF16BC120B551A7000CCE6F /* SwiftyJSON.framework */,
				DCF16BC320B551A7000CCE6F /* SwiftyJSON iOS Tests.xctest */,
				DCF16BC520B551A7000CCE6F /* SwiftyJSON.framework */,
				DCF16BC720B551A7000CCE6F /* SwiftyJSON macOS Tests.xctest */,
				DCF16BC920B551A7000CCE6F /* SwiftyJSON.framework */,
				DCF16BCB20B551A7000CCE6F /* SwiftyJSON.framework */,
				DCF16BCD20B551A7000CCE6F /* SwiftyJSON tvOS Tests.xctest */,
			);
			name = Products;
			sourceTree = "<group>";
		};
/* End PBXGroup section */

/* Begin PBXNativeTarget section */
		DCF1698D20B505BA000CCE6F /* swiftTest26_网络请求 */ = {
			isa = PBXNativeTarget;
			buildConfigurationList = DCF169A020B505BB000CCE6F /* Build configuration list for PBXNativeTarget "swiftTest26_网络请求" */;
			buildPhases = (
				DCF1698A20B505BA000CCE6F /* Sources */,
				DCF1698B20B505BA000CCE6F /* Frameworks */,
				DCF1698C20B505BA000CCE6F /* Resources */,
				DCF16B8D20B54660000CCE6F /* Embed Frameworks */,
			);
			buildRules = (
			);
			dependencies = (
				DCF16B8C20B5465F000CCE6F /* PBXTargetDependency */,
				DCF16BD120B551BF000CCE6F /* PBXTargetDependency */,
			);
			name = "swiftTest26_网络请求";
			productName = "swiftTest26_网络请求";
			productReference = DCF1698E20B505BA000CCE6F /* swiftTest26_网络请求.app */;
			productType = "com.apple.product-type.application";
		};
/* End PBXNativeTarget section */

/* Begin PBXProject section */
		DCF1698620B505BA000CCE6F /* Project object */ = {
			isa = PBXProject;
			attributes = {
				LastSwiftUpdateCheck = 0930;
				LastUpgradeCheck = 0930;
				ORGANIZATIONNAME = "李俊成";
				TargetAttributes = {
					DCF1698D20B505BA000CCE6F = {
						CreatedOnToolsVersion = 9.3;
					};
				};
			};
			buildConfigurationList = DCF1698920B505BA000CCE6F /* Build configuration list for PBXProject "swiftTest26_网络请求" */;
			compatibilityVersion = "Xcode 9.3";
			developmentRegion = en;
			hasScannedForEncodings = 0;
			knownRegions = (
				en,
				Base,
			);
			mainGroup = DCF1698520B505BA000CCE6F;
			productRefGroup = DCF1698F20B505BA000CCE6F /* Products */;
			projectDirPath = "";
			projectReferences = (
				{
					ProductGroup = DCF16B7120B54622000CCE6F /* Products */;
					ProjectRef = DCF16B7020B54622000CCE6F /* Alamofire.xcodeproj */;
				},
				{
					ProductGroup = DCF16BAF20B551A7000CCE6F /* Products */;
					ProjectRef = DCF16BAE20B551A7000CCE6F /* SwiftyJSON.xcodeproj */;
				},
			);
			projectRoot = "";
			targets = (
				DCF1698D20B505BA000CCE6F /* swiftTest26_网络请求 */,
			);
		};
/* End PBXProject section */

/* Begin PBXReferenceProxy section */
		DCF16B7C20B54622000CCE6F /* Alamofire.framework */ = {
			isa = PBXReferenceProxy;
			fileType = wrapper.framework;
			path = Alamofire.framework;
			remoteRef = DCF16B7B20B54622000CCE6F /* PBXContainerItemProxy */;
			sourceTree = BUILT_PRODUCTS_DIR;
		};
		DCF16B7E20B54622000CCE6F /* Alamofire iOS Tests.xctest */ = {
			isa = PBXReferenceProxy;
			fileType = wrapper.cfbundle;
			path = "Alamofire iOS Tests.xctest";
			remoteRef = DCF16B7D20B54622000CCE6F /* PBXContainerItemProxy */;
			sourceTree = BUILT_PRODUCTS_DIR;
		};
		DCF16B8020B54622000CCE6F /* Alamofire.framework */ = {
			isa = PBXReferenceProxy;
			fileType = wrapper.framework;
			path = Alamofire.framework;
			remoteRef = DCF16B7F20B54622000CCE6F /* PBXContainerItemProxy */;
			sourceTree = BUILT_PRODUCTS_DIR;
		};
		DCF16B8220B54622000CCE6F /* Alamofire macOS Tests.xctest */ = {
			isa = PBXReferenceProxy;
			fileType = wrapper.cfbundle;
			path = "Alamofire macOS Tests.xctest";
			remoteRef = DCF16B8120B54622000CCE6F /* PBXContainerItemProxy */;
			sourceTree = BUILT_PRODUCTS_DIR;
		};
		DCF16B8420B54622000CCE6F /* Alamofire.framework */ = {
			isa = PBXReferenceProxy;
			fileType = wrapper.framework;
			path = Alamofire.framework;
			remoteRef = DCF16B8320B54622000CCE6F /* PBXContainerItemProxy */;
			sourceTree = BUILT_PRODUCTS_DIR;
		};
		DCF16B8620B54622000CCE6F /* Alamofire tvOS Tests.xctest */ = {
			isa = PBXReferenceProxy;
			fileType = wrapper.cfbundle;
			path = "Alamofire tvOS Tests.xctest";
			remoteRef = DCF16B8520B54622000CCE6F /* PBXContainerItemProxy */;
			sourceTree = BUILT_PRODUCTS_DIR;
		};
		DCF16B8820B54622000CCE6F /* Alamofire.framework */ = {
			isa = PBXReferenceProxy;
			fileType = wrapper.framework;
			path = Alamofire.framework;
			remoteRef = DCF16B8720B54622000CCE6F /* PBXContainerItemProxy */;
			sourceTree = BUILT_PRODUCTS_DIR;
		};
		DCF16BC120B551A7000CCE6F /* SwiftyJSON.framework */ = {
			isa = PBXReferenceProxy;
			fileType = wrapper.framework;
			path = SwiftyJSON.framework;
			remoteRef = DCF16BC020B551A7000CCE6F /* PBXContainerItemProxy */;
			sourceTree = BUILT_PRODUCTS_DIR;
		};
		DCF16BC320B551A7000CCE6F /* SwiftyJSON iOS Tests.xctest */ = {
			isa = PBXReferenceProxy;
			fileType = wrapper.cfbundle;
			path = "SwiftyJSON iOS Tests.xctest";
			remoteRef = DCF16BC220B551A7000CCE6F /* PBXContainerItemProxy */;
			sourceTree = BUILT_PRODUCTS_DIR;
		};
		DCF16BC520B551A7000CCE6F /* SwiftyJSON.framework */ = {
			isa = PBXReferenceProxy;
			fileType = wrapper.framework;
			path = SwiftyJSON.framework;
			remoteRef = DCF16BC420B551A7000CCE6F /* PBXContainerItemProxy */;
			sourceTree = BUILT_PRODUCTS_DIR;
		};
		DCF16BC720B551A7000CCE6F /* SwiftyJSON macOS Tests.xctest */ = {
			isa = PBXReferenceProxy;
			fileType = wrapper.cfbundle;
			path = "SwiftyJSON macOS Tests.xctest";
			remoteRef = DCF16BC620B551A7000CCE6F /* PBXContainerItemProxy */;
			sourceTree = BUILT_PRODUCTS_DIR;
		};
		DCF16BC920B551A7000CCE6F /* SwiftyJSON.framework */ = {
			isa = PBXReferenceProxy;
			fileType = wrapper.framework;
			path = SwiftyJSON.framework;
			remoteRef = DCF16BC820B551A7000CCE6F /* PBXContainerItemProxy */;
			sourceTree = BUILT_PRODUCTS_DIR;
		};
		DCF16BCB20B551A7000CCE6F /* SwiftyJSON.framework */ = {
			isa = PBXReferenceProxy;
			fileType = wrapper.framework;
			path = SwiftyJSON.framework;
			remoteRef = DCF16BCA20B551A7000CCE6F /* PBXContainerItemProxy */;
			sourceTree = BUILT_PRODUCTS_DIR;
		};
		DCF16BCD20B551A7000CCE6F /* SwiftyJSON tvOS Tests.xctest */ = {
			isa = PBXReferenceProxy;
			fileType = wrapper.cfbundle;
			path = "SwiftyJSON tvOS Tests.xctest";
			remoteRef = DCF16BCC20B551A7000CCE6F /* PBXContainerItemProxy */;
			sourceTree = BUILT_PRODUCTS_DIR;
		};
/* End PBXReferenceProxy section */

/* Begin PBXResourcesBuildPhase section */
		DCF1698C20B505BA000CCE6F /* Resources */ = {
			isa = PBXResourcesBuildPhase;
			buildActionMask = 2147483647;
			files = (
				DCF1699C20B505BB000CCE6F /* LaunchScreen.storyboard in Resources */,
				DCF1699920B505BB000CCE6F /* Assets.xcassets in Resources */,
				DCF1699720B505BA000CCE6F /* Main.storyboard in Resources */,
			);
			runOnlyForDeploymentPostprocessing = 0;
		};
/* End PBXResourcesBuildPhase section */

/* Begin PBXSourcesBuildPhase section */
		DCF1698A20B505BA000CCE6F /* Sources */ = {
			isa = PBXSourcesBuildPhase;
			buildActionMask = 2147483647;
			files = (
				DCF1699420B505BA000CCE6F /* ViewController.swift in Sources */,
				DCF1699220B505BA000CCE6F /* AppDelegate.swift in Sources */,
			);
			runOnlyForDeploymentPostprocessing = 0;
		};
/* End PBXSourcesBuildPhase section */

/* Begin PBXTargetDependency section */
		DCF16B8C20B5465F000CCE6F /* PBXTargetDependency */ = {
			isa = PBXTargetDependency;
			name = "Alamofire iOS";
			targetProxy = DCF16B8B20B5465F000CCE6F /* PBXContainerItemProxy */;
		};
		DCF16BD120B551BF000CCE6F /* PBXTargetDependency */ = {
			isa = PBXTargetDependency;
			name = "SwiftyJSON iOS";
			targetProxy = DCF16BD020B551BF000CCE6F /* PBXContainerItemProxy */;
		};
/* End PBXTargetDependency section */

/* Begin PBXVariantGroup section */
		DCF1699520B505BA000CCE6F /* Main.storyboard */ = {
			isa = PBXVariantGroup;
			children = (
				DCF1699620B505BA000CCE6F /* Base */,
			);
			name = Main.storyboard;
			sourceTree = "<group>";
		};
		DCF1699A20B505BB000CCE6F /* LaunchScreen.storyboard */ = {
			isa = PBXVariantGroup;
			children = (
				DCF1699B20B505BB000CCE6F /* Base */,
			);
			name = LaunchScreen.storyboard;
			sourceTree = "<group>";
		};
/* End PBXVariantGroup section */

/* Begin XCBuildConfiguration section */
		DCF1699E20B505BB000CCE6F /* Debug */ = {
			isa = XCBuildConfiguration;
			buildSettings = {
				ALWAYS_SEARCH_USER_PATHS = NO;
				CLANG_ANALYZER_NONNULL = YES;
				CLANG_ANALYZER_NUMBER_OBJECT_CONVERSION = YES_AGGRESSIVE;
				CLANG_CXX_LANGUAGE_STANDARD = "gnu++14";
				CLANG_CXX_LIBRARY = "libc++";
				CLANG_ENABLE_MODULES = YES;
				CLANG_ENABLE_OBJC_ARC = YES;
				CLANG_ENABLE_OBJC_WEAK = YES;
				CLANG_WARN_BLOCK_CAPTURE_AUTORELEASING = YES;
				CLANG_WARN_BOOL_CONVERSION = YES;
				CLANG_WARN_COMMA = YES;
				CLANG_WARN_CONSTANT_CONVERSION = YES;
				CLANG_WARN_DEPRECATED_OBJC_IMPLEMENTATIONS = YES;
				CLANG_WARN_DIRECT_OBJC_ISA_USAGE = YES_ERROR;
				CLANG_WARN_DOCUMENTATION_COMMENTS = YES;
				CLANG_WARN_EMPTY_BODY = YES;
				CLANG_WARN_ENUM_CONVERSION = YES;
				CLANG_WARN_INFINITE_RECURSION = YES;
				CLANG_WARN_INT_CONVERSION = YES;
				CLANG_WARN_NON_LITERAL_NULL_CONVERSION = YES;
				CLANG_WARN_OBJC_IMPLICIT_RETAIN_SELF = YES;
				CLANG_WARN_OBJC_LITERAL_CONVERSION = YES;
				CLANG_WARN_OBJC_ROOT_CLASS = YES_ERROR;
				CLANG_WARN_RANGE_LOOP_ANALYSIS = YES;
				CLANG_WARN_STRICT_PROTOTYPES = YES;
				CLANG_WARN_SUSPICIOUS_MOVE = YES;
				CLANG_WARN_UNGUARDED_AVAILABILITY = YES_AGGRESSIVE;
				CLANG_WARN_UNREACHABLE_CODE = YES;
				CLANG_WARN__DUPLICATE_METHOD_MATCH = YES;
				CODE_SIGN_IDENTITY = "iPhone Developer";
				COPY_PHASE_STRIP = NO;
				DEBUG_INFORMATION_FORMAT = dwarf;
				ENABLE_STRICT_OBJC_MSGSEND = YES;
				ENABLE_TESTABILITY = YES;
				GCC_C_LANGUAGE_STANDARD = gnu11;
				GCC_DYNAMIC_NO_PIC = NO;
				GCC_NO_COMMON_BLOCKS = YES;
				GCC_OPTIMIZATION_LEVEL = 0;
				GCC_PREPROCESSOR_DEFINITIONS = (
					"DEBUG=1",
					"$(inherited)",
				);
				GCC_WARN_64_TO_32_BIT_CONVERSION = YES;
				GCC_WARN_ABOUT_RETURN_TYPE = YES_ERROR;
				GCC_WARN_UNDECLARED_SELECTOR = YES;
				GCC_WARN_UNINITIALIZED_AUTOS = YES_AGGRESSIVE;
				GCC_WARN_UNUSED_FUNCTION = YES;
				GCC_WARN_UNUSED_VARIABLE = YES;
				IPHONEOS_DEPLOYMENT_TARGET = 11.3;
				MTL_ENABLE_DEBUG_INFO = YES;
				ONLY_ACTIVE_ARCH = YES;
				SDKROOT = iphoneos;
				SWIFT_ACTIVE_COMPILATION_CONDITIONS = DEBUG;
				SWIFT_OPTIMIZATION_LEVEL = "-Onone";
			};
			name = Debug;
		};
		DCF1699F20B505BB000CCE6F /* Release */ = {
			isa = XCBuildConfiguration;
			buildSettings = {
				ALWAYS_SEARCH_USER_PATHS = NO;
				CLANG_ANALYZER_NONNULL = YES;
				CLANG_ANALYZER_NUMBER_OBJECT_CONVERSION = YES_AGGRESSIVE;
				CLANG_CXX_LANGUAGE_STANDARD = "gnu++14";
				CLANG_CXX_LIBRARY = "libc++";
				CLANG_ENABLE_MODULES = YES;
				CLANG_ENABLE_OBJC_ARC = YES;
				CLANG_ENABLE_OBJC_WEAK = YES;
				CLANG_WARN_BLOCK_CAPTURE_AUTORELEASING = YES;
				CLANG_WARN_BOOL_CONVERSION = YES;
				CLANG_WARN_COMMA = YES;
				CLANG_WARN_CONSTANT_CONVERSION = YES;
				CLANG_WARN_DEPRECATED_OBJC_IMPLEMENTATIONS = YES;
				CLANG_WARN_DIRECT_OBJC_ISA_USAGE = YES_ERROR;
				CLANG_WARN_DOCUMENTATION_COMMENTS = YES;
				CLANG_WARN_EMPTY_BODY = YES;
				CLANG_WARN_ENUM_CONVERSION = YES;
				CLANG_WARN_INFINITE_RECURSION = YES;
				CLANG_WARN_INT_CONVERSION = YES;
				CLANG_WARN_NON_LITERAL_NULL_CONVERSION = YES;
				CLANG_WARN_OBJC_IMPLICIT_RETAIN_SELF = YES;
				CLANG_WARN_OBJC_LITERAL_CONVERSION = YES;
				CLANG_WARN_OBJC_ROOT_CLASS = YES_ERROR;
				CLANG_WARN_RANGE_LOOP_ANALYSIS = YES;
				CLANG_WARN_STRICT_PROTOTYPES = YES;
				CLANG_WARN_SUSPICIOUS_MOVE = YES;
				CLANG_WARN_UNGUARDED_AVAILABILITY = YES_AGGRESSIVE;
				CLANG_WARN_UNREACHABLE_CODE = YES;
				CLANG_WARN__DUPLICATE_METHOD_MATCH = YES;
				CODE_SIGN_IDENTITY = "iPhone Developer";
				COPY_PHASE_STRIP = NO;
				DEBUG_INFORMATION_FORMAT = "dwarf-with-dsym";
				ENABLE_NS_ASSERTIONS = NO;
				ENABLE_STRICT_OBJC_MSGSEND = YES;
				GCC_C_LANGUAGE_STANDARD = gnu11;
				GCC_NO_COMMON_BLOCKS = YES;
				GCC_WARN_64_TO_32_BIT_CONVERSION = YES;
				GCC_WARN_ABOUT_RETURN_TYPE = YES_ERROR;
				GCC_WARN_UNDECLARED_SELECTOR = YES;
				GCC_WARN_UNINITIALIZED_AUTOS = YES_AGGRESSIVE;
				GCC_WARN_UNUSED_FUNCTION = YES;
				GCC_WARN_UNUSED_VARIABLE = YES;
				IPHONEOS_DEPLOYMENT_TARGET = 11.3;
				MTL_ENABLE_DEBUG_INFO = NO;
				SDKROOT = iphoneos;
				SWIFT_COMPILATION_MODE = wholemodule;
				SWIFT_OPTIMIZATION_LEVEL = "-O";
				VALIDATE_PRODUCT = YES;
			};
			name = Release;
		};
		DCF169A120B505BB000CCE6F /* Debug */ = {
			isa = XCBuildConfiguration;
			buildSettings = {
				ALWAYS_EMBED_SWIFT_STANDARD_LIBRARIES = YES;
				ASSETCATALOG_COMPILER_APPICON_NAME = AppIcon;
				CODE_SIGN_STYLE = Automatic;
				DEVELOPMENT_TEAM = 9E3ZTJ42T2;
				FRAMEWORK_SEARCH_PATHS = (
					"$(inherited)",
					"$(PROJECT_DIR)/swiftTest26_网络请求",
				);
				INFOPLIST_FILE = "swiftTest26_网络请求/Info.plist";
				IPHONEOS_DEPLOYMENT_TARGET = 9.0;
				LD_RUNPATH_SEARCH_PATHS = (
					"$(inherited)",
					"@executable_path/Frameworks",
				);
				PRODUCT_BUNDLE_IDENTIFIER = "ljc.swiftTest26-----";
				PRODUCT_NAME = "$(TARGET_NAME)";
				SWIFT_VERSION = 4.0;
				TARGETED_DEVICE_FAMILY = "1,2";
			};
			name = Debug;
		};
		DCF169A220B505BB000CCE6F /* Release */ = {
			isa = XCBuildConfiguration;
			buildSettings = {
				ALWAYS_EMBED_SWIFT_STANDARD_LIBRARIES = YES;
				ASSETCATALOG_COMPILER_APPICON_NAME = AppIcon;
				CODE_SIGN_STYLE = Automatic;
				DEVELOPMENT_TEAM = 9E3ZTJ42T2;
				FRAMEWORK_SEARCH_PATHS = (
					"$(inherited)",
					"$(PROJECT_DIR)/swiftTest26_网络请求",
				);
				INFOPLIST_FILE = "swiftTest26_网络请求/Info.plist";
				IPHONEOS_DEPLOYMENT_TARGET = 9.0;
				LD_RUNPATH_SEARCH_PATHS = (
					"$(inherited)",
					"@executable_path/Frameworks",
				);
				PRODUCT_BUNDLE_IDENTIFIER = "ljc.swiftTest26-----";
				PRODUCT_NAME = "$(TARGET_NAME)";
				SWIFT_VERSION = 4.0;
				TARGETED_DEVICE_FAMILY = "1,2";
			};
			name = Release;
		};
/* End XCBuildConfiguration section */

/* Begin XCConfigurationList section */
		DCF1698920B505BA000CCE6F /* Build configuration list for PBXProject "swiftTest26_网络请求" */ = {
			isa = XCConfigurationList;
			buildConfigurations = (
				DCF1699E20B505BB000CCE6F /* Debug */,
				DCF1699F20B505BB000CCE6F /* Release */,
			);
			defaultConfigurationIsVisible = 0;
			defaultConfigurationName = Release;
		};
		DCF169A020B505BB000CCE6F /* Build configuration list for PBXNativeTarget "swiftTest26_网络请求" */ = {
			isa = XCConfigurationList;
			buildConfigurations = (
				DCF169A120B505BB000CCE6F /* Debug */,
				DCF169A220B505BB000CCE6F /* Release */,
			);
			defaultConfigurationIsVisible = 0;
			defaultConfigurationName = Release;
		};
/* End XCConfigurationList section */
	};
	rootObject = DCF1698620B505BA000CCE6F /* Project object */;
}
