// !$*UTF8*$!
{
	archiveVersion = 1;
	classes = {
	};
	objectVersion = 50;
	objects = {

/* Begin PBXBuildFile section */
		DC0A172B20AA8A7F0061A476 /* AppDelegate.swift in Sources */ = {isa = PBXBuildFile; fileRef = DC0A172A20AA8A7F0061A476 /* AppDelegate.swift */; };
		DC0A172D20AA8A7F0061A476 /* ViewController.swift in Sources */ = {isa = PBXBuildFile; fileRef = DC0A172C20AA8A7F0061A476 /* ViewController.swift */; };
		DC0A173020AA8A7F0061A476 /* Main.storyboard in Resources */ = {isa = PBXBuildFile; fileRef = DC0A172E20AA8A7F0061A476 /* Main.storyboard */; };
		DC0A173220AA8A800061A476 /* Assets.xcassets in Resources */ = {isa = PBXBuildFile; fileRef = DC0A173120AA8A800061A476 /* Assets.xcassets */; };
		DC0A173520AA8A800061A476 /* LaunchScreen.storyboard in Resources */ = {isa = PBXBuildFile; fileRef = DC0A173320AA8A800061A476 /* LaunchScreen.storyboard */; };
		DC0A174020AA8A800061A476 /* swiftTest10_ImageScrollerTests.swift in Sources */ = {isa = PBXBuildFile; fileRef = DC0A173F20AA8A800061A476 /* swiftTest10_ImageScrollerTests.swift */; };
		DC0A174B20AA8A800061A476 /* swiftTest10_ImageScrollerUITests.swift in Sources */ = {isa = PBXBuildFile; fileRef = DC0A174A20AA8A800061A476 /* swiftTest10_ImageScrollerUITests.swift */; };
/* End PBXBuildFile section */

/* Begin PBXContainerItemProxy section */
		DC0A173C20AA8A800061A476 /* PBXContainerItemProxy */ = {
			isa = PBXContainerItemProxy;
			containerPortal = DC0A171F20AA8A7F0061A476 /* Project object */;
			proxyType = 1;
			remoteGlobalIDString = DC0A172620AA8A7F0061A476;
			remoteInfo = swiftTest10_ImageScroller;
		};
		DC0A174720AA8A800061A476 /* PBXContainerItemProxy */ = {
			isa = PBXContainerItemProxy;
			containerPortal = DC0A171F20AA8A7F0061A476 /* Project object */;
			proxyType = 1;
			remoteGlobalIDString = DC0A172620AA8A7F0061A476;
			remoteInfo = swiftTest10_ImageScroller;
		};
/* End PBXContainerItemProxy section */

/* Begin PBXFileReference section */
		DC0A172720AA8A7F0061A476 /* swiftTest10_ImageScroller.app */ = {isa = PBXFileReference; explicitFileType = wrapper.application; includeInIndex = 0; path = swiftTest10_ImageScroller.app; sourceTree = BUILT_PRODUCTS_DIR; };
		DC0A172A20AA8A7F0061A476 /* AppDelegate.swift */ = {isa = PBXFileReference; lastKnownFileType = sourcecode.swift; path = AppDelegate.swift; sourceTree = "<group>"; };
		DC0A172C20AA8A7F0061A476 /* ViewController.swift */ = {isa = PBXFileReference; lastKnownFileType = sourcecode.swift; path = ViewController.swift; sourceTree = "<group>"; };
		DC0A172F20AA8A7F0061A476 /* Base */ = {isa = PBXFileReference; lastKnownFileType = file.storyboard; name = Base; path = Base.lproj/Main.storyboard; sourceTree = "<group>"; };
		DC0A173120AA8A800061A476 /* Assets.xcassets */ = {isa = PBXFileReference; lastKnownFileType = folder.assetcatalog; path = Assets.xcassets; sourceTree = "<group>"; };
		DC0A173420AA8A800061A476 /* Base */ = {isa = PBXFileReference; lastKnownFileType = file.storyboard; name = Base; path = Base.lproj/LaunchScreen.storyboard; sourceTree = "<group>"; };
		DC0A173620AA8A800061A476 /* Info.plist */ = {isa = PBXFileReference; lastKnownFileType = text.plist.xml; path = Info.plist; sourceTree = "<group>"; };
		DC0A173B20AA8A800061A476 /* swiftTest10_ImageScrollerTests.xctest */ = {isa = PBXFileReference; explicitFileType = wrapper.cfbundle; includeInIndex = 0; path = swiftTest10_ImageScrollerTests.xctest; sourceTree = BUILT_PRODUCTS_DIR; };
		DC0A173F20AA8A800061A476 /* swiftTest10_ImageScrollerTests.swift */ = {isa = PBXFileReference; lastKnownFileType = sourcecode.swift; path = swiftTest10_ImageScrollerTests.swift; sourceTree = "<group>"; };
		DC0A174120AA8A800061A476 /* Info.plist */ = {isa = PBXFileReference; lastKnownFileType = text.plist.xml; path = Info.plist; sourceTree = "<group>"; };
		DC0A174620AA8A800061A476 /* swiftTest10_ImageScrollerUITests.xctest */ = {isa = PBXFileReference; explicitFileType = wrapper.cfbundle; includeInIndex = 0; path = swiftTest10_ImageScrollerUITests.xctest; sourceTree = BUILT_PRODUCTS_DIR; };
		DC0A174A20AA8A800061A476 /* swiftTest10_ImageScrollerUITests.swift */ = {isa = PBXFileReference; lastKnownFileType = sourcecode.swift; path = swiftTest10_ImageScrollerUITests.swift; sourceTree = "<group>"; };
		DC0A174C20AA8A800061A476 /* Info.plist */ = {isa = PBXFileReference; lastKnownFileType = text.plist.xml; path = Info.plist; sourceTree = "<group>"; };
/* End PBXFileReference section */

/* Begin PBXFrameworksBuildPhase section */
		DC0A172420AA8A7F0061A476 /* Frameworks */ = {
			isa = PBXFrameworksBuildPhase;
			buildActionMask = 2147483647;
			files = (
			);
			runOnlyForDeploymentPostprocessing = 0;
		};
		DC0A173820AA8A800061A476 /* Frameworks */ = {
			isa = PBXFrameworksBuildPhase;
			buildActionMask = 2147483647;
			files = (
			);
			runOnlyForDeploymentPostprocessing = 0;
		};
		DC0A174320AA8A800061A476 /* Frameworks */ = {
			isa = PBXFrameworksBuildPhase;
			buildActionMask = 2147483647;
			files = (
			);
			runOnlyForDeploymentPostprocessing = 0;
		};
/* End PBXFrameworksBuildPhase section */

/* Begin PBXGroup section */
		DC0A171E20AA8A7F0061A476 = {
			isa = PBXGroup;
			children = (
				DC0A172920AA8A7F0061A476 /* swiftTest10_ImageScroller */,
				DC0A173E20AA8A800061A476 /* swiftTest10_ImageScrollerTests */,
				DC0A174920AA8A800061A476 /* swiftTest10_ImageScrollerUITests */,
				DC0A172820AA8A7F0061A476 /* Products */,
			);
			sourceTree = "<group>";
		};
		DC0A172820AA8A7F0061A476 /* Products */ = {
			isa = PBXGroup;
			children = (
				DC0A172720AA8A7F0061A476 /* swiftTest10_ImageScroller.app */,
				DC0A173B20AA8A800061A476 /* swiftTest10_ImageScrollerTests.xctest */,
				DC0A174620AA8A800061A476 /* swiftTest10_ImageScrollerUITests.xctest */,
			);
			name = Products;
			sourceTree = "<group>";
		};
		DC0A172920AA8A7F0061A476 /* swiftTest10_ImageScroller */ = {
			isa = PBXGroup;
			children = (
				DC0A172A20AA8A7F0061A476 /* AppDelegate.swift */,
				DC0A172C20AA8A7F0061A476 /* ViewController.swift */,
				DC0A172E20AA8A7F0061A476 /* Main.storyboard */,
				DC0A173120AA8A800061A476 /* Assets.xcassets */,
				DC0A173320AA8A800061A476 /* LaunchScreen.storyboard */,
				DC0A173620AA8A800061A476 /* Info.plist */,
			);
			path = swiftTest10_ImageScroller;
			sourceTree = "<group>";
		};
		DC0A173E20AA8A800061A476 /* swiftTest10_ImageScrollerTests */ = {
			isa = PBXGroup;
			children = (
				DC0A173F20AA8A800061A476 /* swiftTest10_ImageScrollerTests.swift */,
				DC0A174120AA8A800061A476 /* Info.plist */,
			);
			path = swiftTest10_ImageScrollerTests;
			sourceTree = "<group>";
		};
		DC0A174920AA8A800061A476 /* swiftTest10_ImageScrollerUITests */ = {
			isa = PBXGroup;
			children = (
				DC0A174A20AA8A800061A476 /* swiftTest10_ImageScrollerUITests.swift */,
				DC0A174C20AA8A800061A476 /* Info.plist */,
			);
			path = swiftTest10_ImageScrollerUITests;
			sourceTree = "<group>";
		};
/* End PBXGroup section */

/* Begin PBXNativeTarget section */
		DC0A172620AA8A7F0061A476 /* swiftTest10_ImageScroller */ = {
			isa = PBXNativeTarget;
			buildConfigurationList = DC0A174F20AA8A800061A476 /* Build configuration list for PBXNativeTarget "swiftTest10_ImageScroller" */;
			buildPhases = (
				DC0A172320AA8A7F0061A476 /* Sources */,
				DC0A172420AA8A7F0061A476 /* Frameworks */,
				DC0A172520AA8A7F0061A476 /* Resources */,
			);
			buildRules = (
			);
			dependencies = (
			);
			name = swiftTest10_ImageScroller;
			productName = swiftTest10_ImageScroller;
			productReference = DC0A172720AA8A7F0061A476 /* swiftTest10_ImageScroller.app */;
			productType = "com.apple.product-type.application";
		};
		DC0A173A20AA8A800061A476 /* swiftTest10_ImageScrollerTests */ = {
			isa = PBXNativeTarget;
			buildConfigurationList = DC0A175220AA8A800061A476 /* Build configuration list for PBXNativeTarget "swiftTest10_ImageScrollerTests" */;
			buildPhases = (
				DC0A173720AA8A800061A476 /* Sources */,
				DC0A173820AA8A800061A476 /* Frameworks */,
				DC0A173920AA8A800061A476 /* Resources */,
			);
			buildRules = (
			);
			dependencies = (
				DC0A173D20AA8A800061A476 /* PBXTargetDependency */,
			);
			name = swiftTest10_ImageScrollerTests;
			productName = swiftTest10_ImageScrollerTests;
			productReference = DC0A173B20AA8A800061A476 /* swiftTest10_ImageScrollerTests.xctest */;
			productType = "com.apple.product-type.bundle.unit-test";
		};
		DC0A174520AA8A800061A476 /* swiftTest10_ImageScrollerUITests */ = {
			isa = PBXNativeTarget;
			buildConfigurationList = DC0A175520AA8A800061A476 /* Build configuration list for PBXNativeTarget "swiftTest10_ImageScrollerUITests" */;
			buildPhases = (
				DC0A174220AA8A800061A476 /* Sources */,
				DC0A174320AA8A800061A476 /* Frameworks */,
				DC0A174420AA8A800061A476 /* Resources */,
			);
			buildRules = (
			);
			dependencies = (
				DC0A174820AA8A800061A476 /* PBXTargetDependency */,
			);
			name = swiftTest10_ImageScrollerUITests;
			productName = swiftTest10_ImageScrollerUITests;
			productReference = DC0A174620AA8A800061A476 /* swiftTest10_ImageScrollerUITests.xctest */;
			productType = "com.apple.product-type.bundle.ui-testing";
		};
/* End PBXNativeTarget section */

/* Begin PBXProject section */
		DC0A171F20AA8A7F0061A476 /* Project object */ = {
			isa = PBXProject;
			attributes = {
				LastSwiftUpdateCheck = 0930;
				LastUpgradeCheck = 0930;
				ORGANIZATIONNAME = "李俊成";
				TargetAttributes = {
					DC0A172620AA8A7F0061A476 = {
						CreatedOnToolsVersion = 9.3;
					};
					DC0A173A20AA8A800061A476 = {
						CreatedOnToolsVersion = 9.3;
						TestTargetID = DC0A172620AA8A7F0061A476;
					};
					DC0A174520AA8A800061A476 = {
						CreatedOnToolsVersion = 9.3;
						TestTargetID = DC0A172620AA8A7F0061A476;
					};
				};
			};
			buildConfigurationList = DC0A172220AA8A7F0061A476 /* Build configuration list for PBXProject "swiftTest10_ImageScroller" */;
			compatibilityVersion = "Xcode 9.3";
			developmentRegion = en;
			hasScannedForEncodings = 0;
			knownRegions = (
				en,
				Base,
			);
			mainGroup = DC0A171E20AA8A7F0061A476;
			productRefGroup = DC0A172820AA8A7F0061A476 /* Products */;
			projectDirPath = "";
			projectRoot = "";
			targets = (
				DC0A172620AA8A7F0061A476 /* swiftTest10_ImageScroller */,
				DC0A173A20AA8A800061A476 /* swiftTest10_ImageScrollerTests */,
				DC0A174520AA8A800061A476 /* swiftTest10_ImageScrollerUITests */,
			);
		};
/* End PBXProject section */

/* Begin PBXResourcesBuildPhase section */
		DC0A172520AA8A7F0061A476 /* Resources */ = {
			isa = PBXResourcesBuildPhase;
			buildActionMask = 2147483647;
			files = (
				DC0A173520AA8A800061A476 /* LaunchScreen.storyboard in Resources */,
				DC0A173220AA8A800061A476 /* Assets.xcassets in Resources */,
				DC0A173020AA8A7F0061A476 /* Main.storyboard in Resources */,
			);
			runOnlyForDeploymentPostprocessing = 0;
		};
		DC0A173920AA8A800061A476 /* Resources */ = {
			isa = PBXResourcesBuildPhase;
			buildActionMask = 2147483647;
			files = (
			);
			runOnlyForDeploymentPostprocessing = 0;
		};
		DC0A174420AA8A800061A476 /* Resources */ = {
			isa = PBXResourcesBuildPhase;
			buildActionMask = 2147483647;
			files = (
			);
			runOnlyForDeploymentPostprocessing = 0;
		};
/* End PBXResourcesBuildPhase section */

/* Begin PBXSourcesBuildPhase section */
		DC0A172320AA8A7F0061A476 /* Sources */ = {
			isa = PBXSourcesBuildPhase;
			buildActionMask = 2147483647;
			files = (
				DC0A172D20AA8A7F0061A476 /* ViewController.swift in Sources */,
				DC0A172B20AA8A7F0061A476 /* AppDelegate.swift in Sources */,
			);
			runOnlyForDeploymentPostprocessing = 0;
		};
		DC0A173720AA8A800061A476 /* Sources */ = {
			isa = PBXSourcesBuildPhase;
			buildActionMask = 2147483647;
			files = (
				DC0A174020AA8A800061A476 /* swiftTest10_ImageScrollerTests.swift in Sources */,
			);
			runOnlyForDeploymentPostprocessing = 0;
		};
		DC0A174220AA8A800061A476 /* Sources */ = {
			isa = PBXSourcesBuildPhase;
			buildActionMask = 2147483647;
			files = (
				DC0A174B20AA8A800061A476 /* swiftTest10_ImageScrollerUITests.swift in Sources */,
			);
			runOnlyForDeploymentPostprocessing = 0;
		};
/* End PBXSourcesBuildPhase section */

/* Begin PBXTargetDependency section */
		DC0A173D20AA8A800061A476 /* PBXTargetDependency */ = {
			isa = PBXTargetDependency;
			target = DC0A172620AA8A7F0061A476 /* swiftTest10_ImageScroller */;
			targetProxy = DC0A173C20AA8A800061A476 /* PBXContainerItemProxy */;
		};
		DC0A174820AA8A800061A476 /* PBXTargetDependency */ = {
			isa = PBXTargetDependency;
			target = DC0A172620AA8A7F0061A476 /* swiftTest10_ImageScroller */;
			targetProxy = DC0A174720AA8A800061A476 /* PBXContainerItemProxy */;
		};
/* End PBXTargetDependency section */

/* Begin PBXVariantGroup section */
		DC0A172E20AA8A7F0061A476 /* Main.storyboard */ = {
			isa = PBXVariantGroup;
			children = (
				DC0A172F20AA8A7F0061A476 /* Base */,
			);
			name = Main.storyboard;
			sourceTree = "<group>";
		};
		DC0A173320AA8A800061A476 /* LaunchScreen.storyboard */ = {
			isa = PBXVariantGroup;
			children = (
				DC0A173420AA8A800061A476 /* Base */,
			);
			name = LaunchScreen.storyboard;
			sourceTree = "<group>";
		};
/* End PBXVariantGroup section */

/* Begin XCBuildConfiguration section */
		DC0A174D20AA8A800061A476 /* Debug */ = {
			isa = XCBuildConfiguration;
			buildSettings = {
				ALWAYS_SEARCH_USER_PATHS = NO;
				CLANG_ANALYZER_NONNULL = YES;
				CLANG_ANALYZER_NUMBER_OBJECT_CONVERSION = YES_AGGRESSIVE;
				CLANG_CXX_LANGUAGE_STANDARD = "gnu++14";
				CLANG_CXX_LIBRARY = "libc++";
				CLANG_ENABLE_MODULES = YES;
				CLANG_ENABLE_OBJC_ARC = YES;
				CLANG_ENABLE_OBJC_WEAK = YES;
				CLANG_WARN_BLOCK_CAPTURE_AUTORELEASING = YES;
				CLANG_WARN_BOOL_CONVERSION = YES;
				CLANG_WARN_COMMA = YES;
				CLANG_WARN_CONSTANT_CONVERSION = YES;
				CLANG_WARN_DEPRECATED_OBJC_IMPLEMENTATIONS = YES;
				CLANG_WARN_DIRECT_OBJC_ISA_USAGE = YES_ERROR;
				CLANG_WARN_DOCUMENTATION_COMMENTS = YES;
				CLANG_WARN_EMPTY_BODY = YES;
				CLANG_WARN_ENUM_CONVERSION = YES;
				CLANG_WARN_INFINITE_RECURSION = YES;
				CLANG_WARN_INT_CONVERSION = YES;
				CLANG_WARN_NON_LITERAL_NULL_CONVERSION = YES;
				CLANG_WARN_OBJC_IMPLICIT_RETAIN_SELF = YES;
				CLANG_WARN_OBJC_LITERAL_CONVERSION = YES;
				CLANG_WARN_OBJC_ROOT_CLASS = YES_ERROR;
				CLANG_WARN_RANGE_LOOP_ANALYSIS = YES;
				CLANG_WARN_STRICT_PROTOTYPES = YES;
				CLANG_WARN_SUSPICIOUS_MOVE = YES;
				CLANG_WARN_UNGUARDED_AVAILABILITY = YES_AGGRESSIVE;
				CLANG_WARN_UNREACHABLE_CODE = YES;
				CLANG_WARN__DUPLICATE_METHOD_MATCH = YES;
				CODE_SIGN_IDENTITY = "iPhone Developer";
				COPY_PHASE_STRIP = NO;
				DEBUG_INFORMATION_FORMAT = dwarf;
				ENABLE_STRICT_OBJC_MSGSEND = YES;
				ENABLE_TESTABILITY = YES;
				GCC_C_LANGUAGE_STANDARD = gnu11;
				GCC_DYNAMIC_NO_PIC = NO;
				GCC_NO_COMMON_BLOCKS = YES;
				GCC_OPTIMIZATION_LEVEL = 0;
				GCC_PREPROCESSOR_DEFINITIONS = (
					"DEBUG=1",
					"$(inherited)",
				);
				GCC_WARN_64_TO_32_BIT_CONVERSION = YES;
				GCC_WARN_ABOUT_RETURN_TYPE = YES_ERROR;
				GCC_WARN_UNDECLARED_SELECTOR = YES;
				GCC_WARN_UNINITIALIZED_AUTOS = YES_AGGRESSIVE;
				GCC_WARN_UNUSED_FUNCTION = YES;
				GCC_WARN_UNUSED_VARIABLE = YES;
				IPHONEOS_DEPLOYMENT_TARGET = 11.3;
				MTL_ENABLE_DEBUG_INFO = YES;
				ONLY_ACTIVE_ARCH = YES;
				SDKROOT = iphoneos;
				SWIFT_ACTIVE_COMPILATION_CONDITIONS = DEBUG;
				SWIFT_OPTIMIZATION_LEVEL = "-Onone";
			};
			name = Debug;
		};
		DC0A174E20AA8A800061A476 /* Release */ = {
			isa = XCBuildConfiguration;
			buildSettings = {
				ALWAYS_SEARCH_USER_PATHS = NO;
				CLANG_ANALYZER_NONNULL = YES;
				CLANG_ANALYZER_NUMBER_OBJECT_CONVERSION = YES_AGGRESSIVE;
				CLANG_CXX_LANGUAGE_STANDARD = "gnu++14";
				CLANG_CXX_LIBRARY = "libc++";
				CLANG_ENABLE_MODULES = YES;
				CLANG_ENABLE_OBJC_ARC = YES;
				CLANG_ENABLE_OBJC_WEAK = YES;
				CLANG_WARN_BLOCK_CAPTURE_AUTORELEASING = YES;
				CLANG_WARN_BOOL_CONVERSION = YES;
				CLANG_WARN_COMMA = YES;
				CLANG_WARN_CONSTANT_CONVERSION = YES;
				CLANG_WARN_DEPRECATED_OBJC_IMPLEMENTATIONS = YES;
				CLANG_WARN_DIRECT_OBJC_ISA_USAGE = YES_ERROR;
				CLANG_WARN_DOCUMENTATION_COMMENTS = YES;
				CLANG_WARN_EMPTY_BODY = YES;
				CLANG_WARN_ENUM_CONVERSION = YES;
				CLANG_WARN_INFINITE_RECURSION = YES;
				CLANG_WARN_INT_CONVERSION = YES;
				CLANG_WARN_NON_LITERAL_NULL_CONVERSION = YES;
				CLANG_WARN_OBJC_IMPLICIT_RETAIN_SELF = YES;
				CLANG_WARN_OBJC_LITERAL_CONVERSION = YES;
				CLANG_WARN_OBJC_ROOT_CLASS = YES_ERROR;
				CLANG_WARN_RANGE_LOOP_ANALYSIS = YES;
				CLANG_WARN_STRICT_PROTOTYPES = YES;
				CLANG_WARN_SUSPICIOUS_MOVE = YES;
				CLANG_WARN_UNGUARDED_AVAILABILITY = YES_AGGRESSIVE;
				CLANG_WARN_UNREACHABLE_CODE = YES;
				CLANG_WARN__DUPLICATE_METHOD_MATCH = YES;
				CODE_SIGN_IDENTITY = "iPhone Developer";
				COPY_PHASE_STRIP = NO;
				DEBUG_INFORMATION_FORMAT = "dwarf-with-dsym";
				ENABLE_NS_ASSERTIONS = NO;
				ENABLE_STRICT_OBJC_MSGSEND = YES;
				GCC_C_LANGUAGE_STANDARD = gnu11;
				GCC_NO_COMMON_BLOCKS = YES;
				GCC_WARN_64_TO_32_BIT_CONVERSION = YES;
				GCC_WARN_ABOUT_RETURN_TYPE = YES_ERROR;
				GCC_WARN_UNDECLARED_SELECTOR = YES;
				GCC_WARN_UNINITIALIZED_AUTOS = YES_AGGRESSIVE;
				GCC_WARN_UNUSED_FUNCTION = YES;
				GCC_WARN_UNUSED_VARIABLE = YES;
				IPHONEOS_DEPLOYMENT_TARGET = 11.3;
				MTL_ENABLE_DEBUG_INFO = NO;
				SDKROOT = iphoneos;
				SWIFT_COMPILATION_MODE = wholemodule;
				SWIFT_OPTIMIZATION_LEVEL = "-O";
				VALIDATE_PRODUCT = YES;
			};
			name = Release;
		};
		DC0A175020AA8A800061A476 /* Debug */ = {
			isa = XCBuildConfiguration;
			buildSettings = {
				ASSETCATALOG_COMPILER_APPICON_NAME = AppIcon;
				CODE_SIGN_STYLE = Automatic;
				DEVELOPMENT_TEAM = 9E3ZTJ42T2;
				INFOPLIST_FILE = swiftTest10_ImageScroller/Info.plist;
				LD_RUNPATH_SEARCH_PATHS = (
					"$(inherited)",
					"@executable_path/Frameworks",
				);
				PRODUCT_BUNDLE_IDENTIFIER = ljc.swiftTest;
				PRODUCT_NAME = "$(TARGET_NAME)";
				SWIFT_VERSION = 4.0;
				TARGETED_DEVICE_FAMILY = "1,2";
			};
			name = Debug;
		};
		DC0A175120AA8A800061A476 /* Release */ = {
			isa = XCBuildConfiguration;
			buildSettings = {
				ASSETCATALOG_COMPILER_APPICON_NAME = AppIcon;
				CODE_SIGN_STYLE = Automatic;
				DEVELOPMENT_TEAM = 9E3ZTJ42T2;
				INFOPLIST_FILE = swiftTest10_ImageScroller/Info.plist;
				LD_RUNPATH_SEARCH_PATHS = (
					"$(inherited)",
					"@executable_path/Frameworks",
				);
				PRODUCT_BUNDLE_IDENTIFIER = ljc.swiftTest;
				PRODUCT_NAME = "$(TARGET_NAME)";
				SWIFT_VERSION = 4.0;
				TARGETED_DEVICE_FAMILY = "1,2";
			};
			name = Release;
		};
		DC0A175320AA8A800061A476 /* Debug */ = {
			isa = XCBuildConfiguration;
			buildSettings = {
				ALWAYS_EMBED_SWIFT_STANDARD_LIBRARIES = YES;
				BUNDLE_LOADER = "$(TEST_HOST)";
				CODE_SIGN_STYLE = Automatic;
				DEVELOPMENT_TEAM = 9E3ZTJ42T2;
				INFOPLIST_FILE = swiftTest10_ImageScrollerTests/Info.plist;
				LD_RUNPATH_SEARCH_PATHS = (
					"$(inherited)",
					"@executable_path/Frameworks",
					"@loader_path/Frameworks",
				);
				PRODUCT_BUNDLE_IDENTIFIER = "ljc.swiftTest10-ImageScrollerTests";
				PRODUCT_NAME = "$(TARGET_NAME)";
				SWIFT_VERSION = 4.0;
				TARGETED_DEVICE_FAMILY = "1,2";
				TEST_HOST = "$(BUILT_PRODUCTS_DIR)/swiftTest10_ImageScroller.app/swiftTest10_ImageScroller";
			};
			name = Debug;
		};
		DC0A175420AA8A800061A476 /* Release */ = {
			isa = XCBuildConfiguration;
			buildSettings = {
				ALWAYS_EMBED_SWIFT_STANDARD_LIBRARIES = YES;
				BUNDLE_LOADER = "$(TEST_HOST)";
				CODE_SIGN_STYLE = Automatic;
				DEVELOPMENT_TEAM = 9E3ZTJ42T2;
				INFOPLIST_FILE = swiftTest10_ImageScrollerTests/Info.plist;
				LD_RUNPATH_SEARCH_PATHS = (
					"$(inherited)",
					"@executable_path/Frameworks",
					"@loader_path/Frameworks",
				);
				PRODUCT_BUNDLE_IDENTIFIER = "ljc.swiftTest10-ImageScrollerTests";
				PRODUCT_NAME = "$(TARGET_NAME)";
				SWIFT_VERSION = 4.0;
				TARGETED_DEVICE_FAMILY = "1,2";
				TEST_HOST = "$(BUILT_PRODUCTS_DIR)/swiftTest10_ImageScroller.app/swiftTest10_ImageScroller";
			};
			name = Release;
		};
		DC0A175620AA8A800061A476 /* Debug */ = {
			isa = XCBuildConfiguration;
			buildSettings = {
				ALWAYS_EMBED_SWIFT_STANDARD_LIBRARIES = YES;
				CODE_SIGN_STYLE = Automatic;
				DEVELOPMENT_TEAM = 9E3ZTJ42T2;
				INFOPLIST_FILE = swiftTest10_ImageScrollerUITests/Info.plist;
				LD_RUNPATH_SEARCH_PATHS = (
					"$(inherited)",
					"@executable_path/Frameworks",
					"@loader_path/Frameworks",
				);
				PRODUCT_BUNDLE_IDENTIFIER = "ljc.swiftTest10-ImageScrollerUITests";
				PRODUCT_NAME = "$(TARGET_NAME)";
				SWIFT_VERSION = 4.0;
				TARGETED_DEVICE_FAMILY = "1,2";
				TEST_TARGET_NAME = swiftTest10_ImageScroller;
			};
			name = Debug;
		};
		DC0A175720AA8A800061A476 /* Release */ = {
			isa = XCBuildConfiguration;
			buildSettings = {
				ALWAYS_EMBED_SWIFT_STANDARD_LIBRARIES = YES;
				CODE_SIGN_STYLE = Automatic;
				DEVELOPMENT_TEAM = 9E3ZTJ42T2;
				INFOPLIST_FILE = swiftTest10_ImageScrollerUITests/Info.plist;
				LD_RUNPATH_SEARCH_PATHS = (
					"$(inherited)",
					"@executable_path/Frameworks",
					"@loader_path/Frameworks",
				);
				PRODUCT_BUNDLE_IDENTIFIER = "ljc.swiftTest10-ImageScrollerUITests";
				PRODUCT_NAME = "$(TARGET_NAME)";
				SWIFT_VERSION = 4.0;
				TARGETED_DEVICE_FAMILY = "1,2";
				TEST_TARGET_NAME = swiftTest10_ImageScroller;
			};
			name = Release;
		};
/* End XCBuildConfiguration section */

/* Begin XCConfigurationList section */
		DC0A172220AA8A7F0061A476 /* Build configuration list for PBXProject "swiftTest10_ImageScroller" */ = {
			isa = XCConfigurationList;
			buildConfigurations = (
				DC0A174D20AA8A800061A476 /* Debug */,
				DC0A174E20AA8A800061A476 /* Release */,
			);
			defaultConfigurationIsVisible = 0;
			defaultConfigurationName = Release;
		};
		DC0A174F20AA8A800061A476 /* Build configuration list for PBXNativeTarget "swiftTest10_ImageScroller" */ = {
			isa = XCConfigurationList;
			buildConfigurations = (
				DC0A175020AA8A800061A476 /* Debug */,
				DC0A175120AA8A800061A476 /* Release */,
			);
			defaultConfigurationIsVisible = 0;
			defaultConfigurationName = Release;
		};
		DC0A175220AA8A800061A476 /* Build configuration list for PBXNativeTarget "swiftTest10_ImageScrollerTests" */ = {
			isa = XCConfigurationList;
			buildConfigurations = (
				DC0A175320AA8A800061A476 /* Debug */,
				DC0A175420AA8A800061A476 /* Release */,
			);
			defaultConfigurationIsVisible = 0;
			defaultConfigurationName = Release;
		};
		DC0A175520AA8A800061A476 /* Build configuration list for PBXNativeTarget "swiftTest10_ImageScrollerUITests" */ = {
			isa = XCConfigurationList;
			buildConfigurations = (
				DC0A175620AA8A800061A476 /* Debug */,
				DC0A175720AA8A800061A476 /* Release */,
			);
			defaultConfigurationIsVisible = 0;
			defaultConfigurationName = Release;
		};
/* End XCConfigurationList section */
	};
	rootObject = DC0A171F20AA8A7F0061A476 /* Project object */;
}
