// !$*UTF8*$!
{
	archiveVersion = 1;
	classes = {
	};
	objectVersion = 50;
	objects = {

/* Begin PBXBuildFile section */
		DC6D26FB20A533C1002BAA68 /* AppDelegate.swift in Sources */ = {isa = PBXBuildFile; fileRef = DC6D26FA20A533C1002BAA68 /* AppDelegate.swift */; };
		DC6D26FD20A533C1002BAA68 /* ViewController.swift in Sources */ = {isa = PBXBuildFile; fileRef = DC6D26FC20A533C1002BAA68 /* ViewController.swift */; };
		DC6D270020A533C1002BAA68 /* Main.storyboard in Resources */ = {isa = PBXBuildFile; fileRef = DC6D26FE20A533C1002BAA68 /* Main.storyboard */; };
		DC6D270220A533C2002BAA68 /* Assets.xcassets in Resources */ = {isa = PBXBuildFile; fileRef = DC6D270120A533C2002BAA68 /* Assets.xcassets */; };
		DC6D270520A533C2002BAA68 /* LaunchScreen.storyboard in Resources */ = {isa = PBXBuildFile; fileRef = DC6D270320A533C2002BAA68 /* LaunchScreen.storyboard */; };
		DC6D271020A533C2002BAA68 /* swiftTest2Tests.swift in Sources */ = {isa = PBXBuildFile; fileRef = DC6D270F20A533C2002BAA68 /* swiftTest2Tests.swift */; };
		DC6D271B20A533C2002BAA68 /* swiftTest2UITests.swift in Sources */ = {isa = PBXBuildFile; fileRef = DC6D271A20A533C2002BAA68 /* swiftTest2UITests.swift */; };
/* End PBXBuildFile section */

/* Begin PBXContainerItemProxy section */
		DC6D270C20A533C2002BAA68 /* PBXContainerItemProxy */ = {
			isa = PBXContainerItemProxy;
			containerPortal = DC6D26EF20A533C1002BAA68 /* Project object */;
			proxyType = 1;
			remoteGlobalIDString = DC6D26F620A533C1002BAA68;
			remoteInfo = swiftTest2;
		};
		DC6D271720A533C2002BAA68 /* PBXContainerItemProxy */ = {
			isa = PBXContainerItemProxy;
			containerPortal = DC6D26EF20A533C1002BAA68 /* Project object */;
			proxyType = 1;
			remoteGlobalIDString = DC6D26F620A533C1002BAA68;
			remoteInfo = swiftTest2;
		};
/* End PBXContainerItemProxy section */

/* Begin PBXFileReference section */
		DC6D26F720A533C1002BAA68 /* swiftTest2.app */ = {isa = PBXFileReference; explicitFileType = wrapper.application; includeInIndex = 0; path = swiftTest2.app; sourceTree = BUILT_PRODUCTS_DIR; };
		DC6D26FA20A533C1002BAA68 /* AppDelegate.swift */ = {isa = PBXFileReference; lastKnownFileType = sourcecode.swift; path = AppDelegate.swift; sourceTree = "<group>"; };
		DC6D26FC20A533C1002BAA68 /* ViewController.swift */ = {isa = PBXFileReference; lastKnownFileType = sourcecode.swift; path = ViewController.swift; sourceTree = "<group>"; };
		DC6D26FF20A533C1002BAA68 /* Base */ = {isa = PBXFileReference; lastKnownFileType = file.storyboard; name = Base; path = Base.lproj/Main.storyboard; sourceTree = "<group>"; };
		DC6D270120A533C2002BAA68 /* Assets.xcassets */ = {isa = PBXFileReference; lastKnownFileType = folder.assetcatalog; path = Assets.xcassets; sourceTree = "<group>"; };
		DC6D270420A533C2002BAA68 /* Base */ = {isa = PBXFileReference; lastKnownFileType = file.storyboard; name = Base; path = Base.lproj/LaunchScreen.storyboard; sourceTree = "<group>"; };
		DC6D270620A533C2002BAA68 /* Info.plist */ = {isa = PBXFileReference; lastKnownFileType = text.plist.xml; path = Info.plist; sourceTree = "<group>"; };
		DC6D270B20A533C2002BAA68 /* swiftTest2Tests.xctest */ = {isa = PBXFileReference; explicitFileType = wrapper.cfbundle; includeInIndex = 0; path = swiftTest2Tests.xctest; sourceTree = BUILT_PRODUCTS_DIR; };
		DC6D270F20A533C2002BAA68 /* swiftTest2Tests.swift */ = {isa = PBXFileReference; lastKnownFileType = sourcecode.swift; path = swiftTest2Tests.swift; sourceTree = "<group>"; };
		DC6D271120A533C2002BAA68 /* Info.plist */ = {isa = PBXFileReference; lastKnownFileType = text.plist.xml; path = Info.plist; sourceTree = "<group>"; };
		DC6D271620A533C2002BAA68 /* swiftTest2UITests.xctest */ = {isa = PBXFileReference; explicitFileType = wrapper.cfbundle; includeInIndex = 0; path = swiftTest2UITests.xctest; sourceTree = BUILT_PRODUCTS_DIR; };
		DC6D271A20A533C2002BAA68 /* swiftTest2UITests.swift */ = {isa = PBXFileReference; lastKnownFileType = sourcecode.swift; path = swiftTest2UITests.swift; sourceTree = "<group>"; };
		DC6D271C20A533C2002BAA68 /* Info.plist */ = {isa = PBXFileReference; lastKnownFileType = text.plist.xml; path = Info.plist; sourceTree = "<group>"; };
/* End PBXFileReference section */

/* Begin PBXFrameworksBuildPhase section */
		DC6D26F420A533C1002BAA68 /* Frameworks */ = {
			isa = PBXFrameworksBuildPhase;
			buildActionMask = 2147483647;
			files = (
			);
			runOnlyForDeploymentPostprocessing = 0;
		};
		DC6D270820A533C2002BAA68 /* Frameworks */ = {
			isa = PBXFrameworksBuildPhase;
			buildActionMask = 2147483647;
			files = (
			);
			runOnlyForDeploymentPostprocessing = 0;
		};
		DC6D271320A533C2002BAA68 /* Frameworks */ = {
			isa = PBXFrameworksBuildPhase;
			buildActionMask = 2147483647;
			files = (
			);
			runOnlyForDeploymentPostprocessing = 0;
		};
/* End PBXFrameworksBuildPhase section */

/* Begin PBXGroup section */
		DC6D26EE20A533C1002BAA68 = {
			isa = PBXGroup;
			children = (
				DC6D26F920A533C1002BAA68 /* swiftTest2 */,
				DC6D270E20A533C2002BAA68 /* swiftTest2Tests */,
				DC6D271920A533C2002BAA68 /* swiftTest2UITests */,
				DC6D26F820A533C1002BAA68 /* Products */,
			);
			sourceTree = "<group>";
		};
		DC6D26F820A533C1002BAA68 /* Products */ = {
			isa = PBXGroup;
			children = (
				DC6D26F720A533C1002BAA68 /* swiftTest2.app */,
				DC6D270B20A533C2002BAA68 /* swiftTest2Tests.xctest */,
				DC6D271620A533C2002BAA68 /* swiftTest2UITests.xctest */,
			);
			name = Products;
			sourceTree = "<group>";
		};
		DC6D26F920A533C1002BAA68 /* swiftTest2 */ = {
			isa = PBXGroup;
			children = (
				DC6D26FA20A533C1002BAA68 /* AppDelegate.swift */,
				DC6D26FC20A533C1002BAA68 /* ViewController.swift */,
				DC6D26FE20A533C1002BAA68 /* Main.storyboard */,
				DC6D270120A533C2002BAA68 /* Assets.xcassets */,
				DC6D270320A533C2002BAA68 /* LaunchScreen.storyboard */,
				DC6D270620A533C2002BAA68 /* Info.plist */,
			);
			path = swiftTest2;
			sourceTree = "<group>";
		};
		DC6D270E20A533C2002BAA68 /* swiftTest2Tests */ = {
			isa = PBXGroup;
			children = (
				DC6D270F20A533C2002BAA68 /* swiftTest2Tests.swift */,
				DC6D271120A533C2002BAA68 /* Info.plist */,
			);
			path = swiftTest2Tests;
			sourceTree = "<group>";
		};
		DC6D271920A533C2002BAA68 /* swiftTest2UITests */ = {
			isa = PBXGroup;
			children = (
				DC6D271A20A533C2002BAA68 /* swiftTest2UITests.swift */,
				DC6D271C20A533C2002BAA68 /* Info.plist */,
			);
			path = swiftTest2UITests;
			sourceTree = "<group>";
		};
/* End PBXGroup section */

/* Begin PBXNativeTarget section */
		DC6D26F620A533C1002BAA68 /* swiftTest2 */ = {
			isa = PBXNativeTarget;
			buildConfigurationList = DC6D271F20A533C2002BAA68 /* Build configuration list for PBXNativeTarget "swiftTest2" */;
			buildPhases = (
				DC6D26F320A533C1002BAA68 /* Sources */,
				DC6D26F420A533C1002BAA68 /* Frameworks */,
				DC6D26F520A533C1002BAA68 /* Resources */,
			);
			buildRules = (
			);
			dependencies = (
			);
			name = swiftTest2;
			productName = swiftTest2;
			productReference = DC6D26F720A533C1002BAA68 /* swiftTest2.app */;
			productType = "com.apple.product-type.application";
		};
		DC6D270A20A533C2002BAA68 /* swiftTest2Tests */ = {
			isa = PBXNativeTarget;
			buildConfigurationList = DC6D272220A533C2002BAA68 /* Build configuration list for PBXNativeTarget "swiftTest2Tests" */;
			buildPhases = (
				DC6D270720A533C2002BAA68 /* Sources */,
				DC6D270820A533C2002BAA68 /* Frameworks */,
				DC6D270920A533C2002BAA68 /* Resources */,
			);
			buildRules = (
			);
			dependencies = (
				DC6D270D20A533C2002BAA68 /* PBXTargetDependency */,
			);
			name = swiftTest2Tests;
			productName = swiftTest2Tests;
			productReference = DC6D270B20A533C2002BAA68 /* swiftTest2Tests.xctest */;
			productType = "com.apple.product-type.bundle.unit-test";
		};
		DC6D271520A533C2002BAA68 /* swiftTest2UITests */ = {
			isa = PBXNativeTarget;
			buildConfigurationList = DC6D272520A533C2002BAA68 /* Build configuration list for PBXNativeTarget "swiftTest2UITests" */;
			buildPhases = (
				DC6D271220A533C2002BAA68 /* Sources */,
				DC6D271320A533C2002BAA68 /* Frameworks */,
				DC6D271420A533C2002BAA68 /* Resources */,
			);
			buildRules = (
			);
			dependencies = (
				DC6D271820A533C2002BAA68 /* PBXTargetDependency */,
			);
			name = swiftTest2UITests;
			productName = swiftTest2UITests;
			productReference = DC6D271620A533C2002BAA68 /* swiftTest2UITests.xctest */;
			productType = "com.apple.product-type.bundle.ui-testing";
		};
/* End PBXNativeTarget section */

/* Begin PBXProject section */
		DC6D26EF20A533C1002BAA68 /* Project object */ = {
			isa = PBXProject;
			attributes = {
				LastSwiftUpdateCheck = 0930;
				LastUpgradeCheck = 0930;
				ORGANIZATIONNAME = "李俊成";
				TargetAttributes = {
					DC6D26F620A533C1002BAA68 = {
						CreatedOnToolsVersion = 9.3;
					};
					DC6D270A20A533C2002BAA68 = {
						CreatedOnToolsVersion = 9.3;
						TestTargetID = DC6D26F620A533C1002BAA68;
					};
					DC6D271520A533C2002BAA68 = {
						CreatedOnToolsVersion = 9.3;
						TestTargetID = DC6D26F620A533C1002BAA68;
					};
				};
			};
			buildConfigurationList = DC6D26F220A533C1002BAA68 /* Build configuration list for PBXProject "swiftTest2" */;
			compatibilityVersion = "Xcode 9.3";
			developmentRegion = en;
			hasScannedForEncodings = 0;
			knownRegions = (
				en,
				Base,
			);
			mainGroup = DC6D26EE20A533C1002BAA68;
			productRefGroup = DC6D26F820A533C1002BAA68 /* Products */;
			projectDirPath = "";
			projectRoot = "";
			targets = (
				DC6D26F620A533C1002BAA68 /* swiftTest2 */,
				DC6D270A20A533C2002BAA68 /* swiftTest2Tests */,
				DC6D271520A533C2002BAA68 /* swiftTest2UITests */,
			);
		};
/* End PBXProject section */

/* Begin PBXResourcesBuildPhase section */
		DC6D26F520A533C1002BAA68 /* Resources */ = {
			isa = PBXResourcesBuildPhase;
			buildActionMask = 2147483647;
			files = (
				DC6D270520A533C2002BAA68 /* LaunchScreen.storyboard in Resources */,
				DC6D270220A533C2002BAA68 /* Assets.xcassets in Resources */,
				DC6D270020A533C1002BAA68 /* Main.storyboard in Resources */,
			);
			runOnlyForDeploymentPostprocessing = 0;
		};
		DC6D270920A533C2002BAA68 /* Resources */ = {
			isa = PBXResourcesBuildPhase;
			buildActionMask = 2147483647;
			files = (
			);
			runOnlyForDeploymentPostprocessing = 0;
		};
		DC6D271420A533C2002BAA68 /* Resources */ = {
			isa = PBXResourcesBuildPhase;
			buildActionMask = 2147483647;
			files = (
			);
			runOnlyForDeploymentPostprocessing = 0;
		};
/* End PBXResourcesBuildPhase section */

/* Begin PBXSourcesBuildPhase section */
		DC6D26F320A533C1002BAA68 /* Sources */ = {
			isa = PBXSourcesBuildPhase;
			buildActionMask = 2147483647;
			files = (
				DC6D26FD20A533C1002BAA68 /* ViewController.swift in Sources */,
				DC6D26FB20A533C1002BAA68 /* AppDelegate.swift in Sources */,
			);
			runOnlyForDeploymentPostprocessing = 0;
		};
		DC6D270720A533C2002BAA68 /* Sources */ = {
			isa = PBXSourcesBuildPhase;
			buildActionMask = 2147483647;
			files = (
				DC6D271020A533C2002BAA68 /* swiftTest2Tests.swift in Sources */,
			);
			runOnlyForDeploymentPostprocessing = 0;
		};
		DC6D271220A533C2002BAA68 /* Sources */ = {
			isa = PBXSourcesBuildPhase;
			buildActionMask = 2147483647;
			files = (
				DC6D271B20A533C2002BAA68 /* swiftTest2UITests.swift in Sources */,
			);
			runOnlyForDeploymentPostprocessing = 0;
		};
/* End PBXSourcesBuildPhase section */

/* Begin PBXTargetDependency section */
		DC6D270D20A533C2002BAA68 /* PBXTargetDependency */ = {
			isa = PBXTargetDependency;
			target = DC6D26F620A533C1002BAA68 /* swiftTest2 */;
			targetProxy = DC6D270C20A533C2002BAA68 /* PBXContainerItemProxy */;
		};
		DC6D271820A533C2002BAA68 /* PBXTargetDependency */ = {
			isa = PBXTargetDependency;
			target = DC6D26F620A533C1002BAA68 /* swiftTest2 */;
			targetProxy = DC6D271720A533C2002BAA68 /* PBXContainerItemProxy */;
		};
/* End PBXTargetDependency section */

/* Begin PBXVariantGroup section */
		DC6D26FE20A533C1002BAA68 /* Main.storyboard */ = {
			isa = PBXVariantGroup;
			children = (
				DC6D26FF20A533C1002BAA68 /* Base */,
			);
			name = Main.storyboard;
			sourceTree = "<group>";
		};
		DC6D270320A533C2002BAA68 /* LaunchScreen.storyboard */ = {
			isa = PBXVariantGroup;
			children = (
				DC6D270420A533C2002BAA68 /* Base */,
			);
			name = LaunchScreen.storyboard;
			sourceTree = "<group>";
		};
/* End PBXVariantGroup section */

/* Begin XCBuildConfiguration section */
		DC6D271D20A533C2002BAA68 /* Debug */ = {
			isa = XCBuildConfiguration;
			buildSettings = {
				ALWAYS_SEARCH_USER_PATHS = NO;
				CLANG_ANALYZER_NONNULL = YES;
				CLANG_ANALYZER_NUMBER_OBJECT_CONVERSION = YES_AGGRESSIVE;
				CLANG_CXX_LANGUAGE_STANDARD = "gnu++14";
				CLANG_CXX_LIBRARY = "libc++";
				CLANG_ENABLE_MODULES = YES;
				CLANG_ENABLE_OBJC_ARC = YES;
				CLANG_ENABLE_OBJC_WEAK = YES;
				CLANG_WARN_BLOCK_CAPTURE_AUTORELEASING = YES;
				CLANG_WARN_BOOL_CONVERSION = YES;
				CLANG_WARN_COMMA = YES;
				CLANG_WARN_CONSTANT_CONVERSION = YES;
				CLANG_WARN_DEPRECATED_OBJC_IMPLEMENTATIONS = YES;
				CLANG_WARN_DIRECT_OBJC_ISA_USAGE = YES_ERROR;
				CLANG_WARN_DOCUMENTATION_COMMENTS = YES;
				CLANG_WARN_EMPTY_BODY = YES;
				CLANG_WARN_ENUM_CONVERSION = YES;
				CLANG_WARN_INFINITE_RECURSION = YES;
				CLANG_WARN_INT_CONVERSION = YES;
				CLANG_WARN_NON_LITERAL_NULL_CONVERSION = YES;
				CLANG_WARN_OBJC_IMPLICIT_RETAIN_SELF = YES;
				CLANG_WARN_OBJC_LITERAL_CONVERSION = YES;
				CLANG_WARN_OBJC_ROOT_CLASS = YES_ERROR;
				CLANG_WARN_RANGE_LOOP_ANALYSIS = YES;
				CLANG_WARN_STRICT_PROTOTYPES = YES;
				CLANG_WARN_SUSPICIOUS_MOVE = YES;
				CLANG_WARN_UNGUARDED_AVAILABILITY = YES_AGGRESSIVE;
				CLANG_WARN_UNREACHABLE_CODE = YES;
				CLANG_WARN__DUPLICATE_METHOD_MATCH = YES;
				CODE_SIGN_IDENTITY = "iPhone Developer";
				COPY_PHASE_STRIP = NO;
				DEBUG_INFORMATION_FORMAT = dwarf;
				ENABLE_STRICT_OBJC_MSGSEND = YES;
				ENABLE_TESTABILITY = YES;
				GCC_C_LANGUAGE_STANDARD = gnu11;
				GCC_DYNAMIC_NO_PIC = NO;
				GCC_NO_COMMON_BLOCKS = YES;
				GCC_OPTIMIZATION_LEVEL = 0;
				GCC_PREPROCESSOR_DEFINITIONS = (
					"DEBUG=1",
					"$(inherited)",
				);
				GCC_WARN_64_TO_32_BIT_CONVERSION = YES;
				GCC_WARN_ABOUT_RETURN_TYPE = YES_ERROR;
				GCC_WARN_UNDECLARED_SELECTOR = YES;
				GCC_WARN_UNINITIALIZED_AUTOS = YES_AGGRESSIVE;
				GCC_WARN_UNUSED_FUNCTION = YES;
				GCC_WARN_UNUSED_VARIABLE = YES;
				IPHONEOS_DEPLOYMENT_TARGET = 11.3;
				MTL_ENABLE_DEBUG_INFO = YES;
				ONLY_ACTIVE_ARCH = YES;
				SDKROOT = iphoneos;
				SWIFT_ACTIVE_COMPILATION_CONDITIONS = DEBUG;
				SWIFT_OPTIMIZATION_LEVEL = "-Onone";
			};
			name = Debug;
		};
		DC6D271E20A533C2002BAA68 /* Release */ = {
			isa = XCBuildConfiguration;
			buildSettings = {
				ALWAYS_SEARCH_USER_PATHS = NO;
				CLANG_ANALYZER_NONNULL = YES;
				CLANG_ANALYZER_NUMBER_OBJECT_CONVERSION = YES_AGGRESSIVE;
				CLANG_CXX_LANGUAGE_STANDARD = "gnu++14";
				CLANG_CXX_LIBRARY = "libc++";
				CLANG_ENABLE_MODULES = YES;
				CLANG_ENABLE_OBJC_ARC = YES;
				CLANG_ENABLE_OBJC_WEAK = YES;
				CLANG_WARN_BLOCK_CAPTURE_AUTORELEASING = YES;
				CLANG_WARN_BOOL_CONVERSION = YES;
				CLANG_WARN_COMMA = YES;
				CLANG_WARN_CONSTANT_CONVERSION = YES;
				CLANG_WARN_DEPRECATED_OBJC_IMPLEMENTATIONS = YES;
				CLANG_WARN_DIRECT_OBJC_ISA_USAGE = YES_ERROR;
				CLANG_WARN_DOCUMENTATION_COMMENTS = YES;
				CLANG_WARN_EMPTY_BODY = YES;
				CLANG_WARN_ENUM_CONVERSION = YES;
				CLANG_WARN_INFINITE_RECURSION = YES;
				CLANG_WARN_INT_CONVERSION = YES;
				CLANG_WARN_NON_LITERAL_NULL_CONVERSION = YES;
				CLANG_WARN_OBJC_IMPLICIT_RETAIN_SELF = YES;
				CLANG_WARN_OBJC_LITERAL_CONVERSION = YES;
				CLANG_WARN_OBJC_ROOT_CLASS = YES_ERROR;
				CLANG_WARN_RANGE_LOOP_ANALYSIS = YES;
				CLANG_WARN_STRICT_PROTOTYPES = YES;
				CLANG_WARN_SUSPICIOUS_MOVE = YES;
				CLANG_WARN_UNGUARDED_AVAILABILITY = YES_AGGRESSIVE;
				CLANG_WARN_UNREACHABLE_CODE = YES;
				CLANG_WARN__DUPLICATE_METHOD_MATCH = YES;
				CODE_SIGN_IDENTITY = "iPhone Developer";
				COPY_PHASE_STRIP = NO;
				DEBUG_INFORMATION_FORMAT = "dwarf-with-dsym";
				ENABLE_NS_ASSERTIONS = NO;
				ENABLE_STRICT_OBJC_MSGSEND = YES;
				GCC_C_LANGUAGE_STANDARD = gnu11;
				GCC_NO_COMMON_BLOCKS = YES;
				GCC_WARN_64_TO_32_BIT_CONVERSION = YES;
				GCC_WARN_ABOUT_RETURN_TYPE = YES_ERROR;
				GCC_WARN_UNDECLARED_SELECTOR = YES;
				GCC_WARN_UNINITIALIZED_AUTOS = YES_AGGRESSIVE;
				GCC_WARN_UNUSED_FUNCTION = YES;
				GCC_WARN_UNUSED_VARIABLE = YES;
				IPHONEOS_DEPLOYMENT_TARGET = 11.3;
				MTL_ENABLE_DEBUG_INFO = NO;
				SDKROOT = iphoneos;
				SWIFT_COMPILATION_MODE = wholemodule;
				SWIFT_OPTIMIZATION_LEVEL = "-O";
				VALIDATE_PRODUCT = YES;
			};
			name = Release;
		};
		DC6D272020A533C2002BAA68 /* Debug */ = {
			isa = XCBuildConfiguration;
			buildSettings = {
				ASSETCATALOG_COMPILER_APPICON_NAME = AppIcon;
				CODE_SIGN_STYLE = Automatic;
				DEVELOPMENT_TEAM = 9E3ZTJ42T2;
				INFOPLIST_FILE = swiftTest2/Info.plist;
				LD_RUNPATH_SEARCH_PATHS = (
					"$(inherited)",
					"@executable_path/Frameworks",
				);
				PRODUCT_BUNDLE_IDENTIFIER = ljc.swiftTest2;
				PRODUCT_NAME = "$(TARGET_NAME)";
				SWIFT_VERSION = 4.0;
				TARGETED_DEVICE_FAMILY = "1,2";
			};
			name = Debug;
		};
		DC6D272120A533C2002BAA68 /* Release */ = {
			isa = XCBuildConfiguration;
			buildSettings = {
				ASSETCATALOG_COMPILER_APPICON_NAME = AppIcon;
				CODE_SIGN_STYLE = Automatic;
				DEVELOPMENT_TEAM = 9E3ZTJ42T2;
				INFOPLIST_FILE = swiftTest2/Info.plist;
				LD_RUNPATH_SEARCH_PATHS = (
					"$(inherited)",
					"@executable_path/Frameworks",
				);
				PRODUCT_BUNDLE_IDENTIFIER = ljc.swiftTest2;
				PRODUCT_NAME = "$(TARGET_NAME)";
				SWIFT_VERSION = 4.0;
				TARGETED_DEVICE_FAMILY = "1,2";
			};
			name = Release;
		};
		DC6D272320A533C2002BAA68 /* Debug */ = {
			isa = XCBuildConfiguration;
			buildSettings = {
				ALWAYS_EMBED_SWIFT_STANDARD_LIBRARIES = YES;
				BUNDLE_LOADER = "$(TEST_HOST)";
				CODE_SIGN_STYLE = Automatic;
				INFOPLIST_FILE = swiftTest2Tests/Info.plist;
				LD_RUNPATH_SEARCH_PATHS = (
					"$(inherited)",
					"@executable_path/Frameworks",
					"@loader_path/Frameworks",
				);
				PRODUCT_BUNDLE_IDENTIFIER = ljc.swiftTest2Tests;
				PRODUCT_NAME = "$(TARGET_NAME)";
				SWIFT_VERSION = 4.0;
				TARGETED_DEVICE_FAMILY = "1,2";
				TEST_HOST = "$(BUILT_PRODUCTS_DIR)/swiftTest2.app/swiftTest2";
			};
			name = Debug;
		};
		DC6D272420A533C2002BAA68 /* Release */ = {
			isa = XCBuildConfiguration;
			buildSettings = {
				ALWAYS_EMBED_SWIFT_STANDARD_LIBRARIES = YES;
				BUNDLE_LOADER = "$(TEST_HOST)";
				CODE_SIGN_STYLE = Automatic;
				INFOPLIST_FILE = swiftTest2Tests/Info.plist;
				LD_RUNPATH_SEARCH_PATHS = (
					"$(inherited)",
					"@executable_path/Frameworks",
					"@loader_path/Frameworks",
				);
				PRODUCT_BUNDLE_IDENTIFIER = ljc.swiftTest2Tests;
				PRODUCT_NAME = "$(TARGET_NAME)";
				SWIFT_VERSION = 4.0;
				TARGETED_DEVICE_FAMILY = "1,2";
				TEST_HOST = "$(BUILT_PRODUCTS_DIR)/swiftTest2.app/swiftTest2";
			};
			name = Release;
		};
		DC6D272620A533C2002BAA68 /* Debug */ = {
			isa = XCBuildConfiguration;
			buildSettings = {
				ALWAYS_EMBED_SWIFT_STANDARD_LIBRARIES = YES;
				CODE_SIGN_STYLE = Automatic;
				INFOPLIST_FILE = swiftTest2UITests/Info.plist;
				LD_RUNPATH_SEARCH_PATHS = (
					"$(inherited)",
					"@executable_path/Frameworks",
					"@loader_path/Frameworks",
				);
				PRODUCT_BUNDLE_IDENTIFIER = ljc.swiftTest2UITests;
				PRODUCT_NAME = "$(TARGET_NAME)";
				SWIFT_VERSION = 4.0;
				TARGETED_DEVICE_FAMILY = "1,2";
				TEST_TARGET_NAME = swiftTest2;
			};
			name = Debug;
		};
		DC6D272720A533C2002BAA68 /* Release */ = {
			isa = XCBuildConfiguration;
			buildSettings = {
				ALWAYS_EMBED_SWIFT_STANDARD_LIBRARIES = YES;
				CODE_SIGN_STYLE = Automatic;
				INFOPLIST_FILE = swiftTest2UITests/Info.plist;
				LD_RUNPATH_SEARCH_PATHS = (
					"$(inherited)",
					"@executable_path/Frameworks",
					"@loader_path/Frameworks",
				);
				PRODUCT_BUNDLE_IDENTIFIER = ljc.swiftTest2UITests;
				PRODUCT_NAME = "$(TARGET_NAME)";
				SWIFT_VERSION = 4.0;
				TARGETED_DEVICE_FAMILY = "1,2";
				TEST_TARGET_NAME = swiftTest2;
			};
			name = Release;
		};
/* End XCBuildConfiguration section */

/* Begin XCConfigurationList section */
		DC6D26F220A533C1002BAA68 /* Build configuration list for PBXProject "swiftTest2" */ = {
			isa = XCConfigurationList;
			buildConfigurations = (
				DC6D271D20A533C2002BAA68 /* Debug */,
				DC6D271E20A533C2002BAA68 /* Release */,
			);
			defaultConfigurationIsVisible = 0;
			defaultConfigurationName = Release;
		};
		DC6D271F20A533C2002BAA68 /* Build configuration list for PBXNativeTarget "swiftTest2" */ = {
			isa = XCConfigurationList;
			buildConfigurations = (
				DC6D272020A533C2002BAA68 /* Debug */,
				DC6D272120A533C2002BAA68 /* Release */,
			);
			defaultConfigurationIsVisible = 0;
			defaultConfigurationName = Release;
		};
		DC6D272220A533C2002BAA68 /* Build configuration list for PBXNativeTarget "swiftTest2Tests" */ = {
			isa = XCConfigurationList;
			buildConfigurations = (
				DC6D272320A533C2002BAA68 /* Debug */,
				DC6D272420A533C2002BAA68 /* Release */,
			);
			defaultConfigurationIsVisible = 0;
			defaultConfigurationName = Release;
		};
		DC6D272520A533C2002BAA68 /* Build configuration list for PBXNativeTarget "swiftTest2UITests" */ = {
			isa = XCConfigurationList;
			buildConfigurations = (
				DC6D272620A533C2002BAA68 /* Debug */,
				DC6D272720A533C2002BAA68 /* Release */,
			);
			defaultConfigurationIsVisible = 0;
			defaultConfigurationName = Release;
		};
/* End XCConfigurationList section */
	};
	rootObject = DC6D26EF20A533C1002BAA68 /* Project object */;
}
