// !$*UTF8*$!
{
	archiveVersion = 1;
	classes = {
	};
	objectVersion = 50;
	objects = {

/* Begin PBXBuildFile section */
		DC0A163A20A93D7B0061A476 /* AppDelegate.swift in Sources */ = {isa = PBXBuildFile; fileRef = DC0A163920A93D7B0061A476 /* AppDelegate.swift */; };
		DC0A163C20A93D7B0061A476 /* ViewController.swift in Sources */ = {isa = PBXBuildFile; fileRef = DC0A163B20A93D7B0061A476 /* ViewController.swift */; };
		DC0A163F20A93D7B0061A476 /* Main.storyboard in Resources */ = {isa = PBXBuildFile; fileRef = DC0A163D20A93D7B0061A476 /* Main.storyboard */; };
		DC0A164120A93D7C0061A476 /* Assets.xcassets in Resources */ = {isa = PBXBuildFile; fileRef = DC0A164020A93D7C0061A476 /* Assets.xcassets */; };
		DC0A164420A93D7C0061A476 /* LaunchScreen.storyboard in Resources */ = {isa = PBXBuildFile; fileRef = DC0A164220A93D7C0061A476 /* LaunchScreen.storyboard */; };
		DC0A164F20A93D7C0061A476 /* swiftTest6Tests.swift in Sources */ = {isa = PBXBuildFile; fileRef = DC0A164E20A93D7C0061A476 /* swiftTest6Tests.swift */; };
		DC0A165A20A93D7C0061A476 /* swiftTest6UITests.swift in Sources */ = {isa = PBXBuildFile; fileRef = DC0A165920A93D7C0061A476 /* swiftTest6UITests.swift */; };
		DC0A166820A95E890061A476 /* Interest.swift in Sources */ = {isa = PBXBuildFile; fileRef = DC0A166720A95E890061A476 /* Interest.swift */; };
		DC0A166A20A961B10061A476 /* InterestCollectionViewCell.swift in Sources */ = {isa = PBXBuildFile; fileRef = DC0A166920A961B10061A476 /* InterestCollectionViewCell.swift */; };
/* End PBXBuildFile section */

/* Begin PBXContainerItemProxy section */
		DC0A164B20A93D7C0061A476 /* PBXContainerItemProxy */ = {
			isa = PBXContainerItemProxy;
			containerPortal = DC0A162E20A93D7B0061A476 /* Project object */;
			proxyType = 1;
			remoteGlobalIDString = DC0A163520A93D7B0061A476;
			remoteInfo = swiftTest6;
		};
		DC0A165620A93D7C0061A476 /* PBXContainerItemProxy */ = {
			isa = PBXContainerItemProxy;
			containerPortal = DC0A162E20A93D7B0061A476 /* Project object */;
			proxyType = 1;
			remoteGlobalIDString = DC0A163520A93D7B0061A476;
			remoteInfo = swiftTest6;
		};
/* End PBXContainerItemProxy section */

/* Begin PBXFileReference section */
		DC0A163620A93D7B0061A476 /* swiftTest6.app */ = {isa = PBXFileReference; explicitFileType = wrapper.application; includeInIndex = 0; path = swiftTest6.app; sourceTree = BUILT_PRODUCTS_DIR; };
		DC0A163920A93D7B0061A476 /* AppDelegate.swift */ = {isa = PBXFileReference; lastKnownFileType = sourcecode.swift; path = AppDelegate.swift; sourceTree = "<group>"; };
		DC0A163B20A93D7B0061A476 /* ViewController.swift */ = {isa = PBXFileReference; lastKnownFileType = sourcecode.swift; path = ViewController.swift; sourceTree = "<group>"; };
		DC0A163E20A93D7B0061A476 /* Base */ = {isa = PBXFileReference; lastKnownFileType = file.storyboard; name = Base; path = Base.lproj/Main.storyboard; sourceTree = "<group>"; };
		DC0A164020A93D7C0061A476 /* Assets.xcassets */ = {isa = PBXFileReference; lastKnownFileType = folder.assetcatalog; path = Assets.xcassets; sourceTree = "<group>"; };
		DC0A164320A93D7C0061A476 /* Base */ = {isa = PBXFileReference; lastKnownFileType = file.storyboard; name = Base; path = Base.lproj/LaunchScreen.storyboard; sourceTree = "<group>"; };
		DC0A164520A93D7C0061A476 /* Info.plist */ = {isa = PBXFileReference; lastKnownFileType = text.plist.xml; path = Info.plist; sourceTree = "<group>"; };
		DC0A164A20A93D7C0061A476 /* swiftTest6Tests.xctest */ = {isa = PBXFileReference; explicitFileType = wrapper.cfbundle; includeInIndex = 0; path = swiftTest6Tests.xctest; sourceTree = BUILT_PRODUCTS_DIR; };
		DC0A164E20A93D7C0061A476 /* swiftTest6Tests.swift */ = {isa = PBXFileReference; lastKnownFileType = sourcecode.swift; path = swiftTest6Tests.swift; sourceTree = "<group>"; };
		DC0A165020A93D7C0061A476 /* Info.plist */ = {isa = PBXFileReference; lastKnownFileType = text.plist.xml; path = Info.plist; sourceTree = "<group>"; };
		DC0A165520A93D7C0061A476 /* swiftTest6UITests.xctest */ = {isa = PBXFileReference; explicitFileType = wrapper.cfbundle; includeInIndex = 0; path = swiftTest6UITests.xctest; sourceTree = BUILT_PRODUCTS_DIR; };
		DC0A165920A93D7C0061A476 /* swiftTest6UITests.swift */ = {isa = PBXFileReference; lastKnownFileType = sourcecode.swift; path = swiftTest6UITests.swift; sourceTree = "<group>"; };
		DC0A165B20A93D7C0061A476 /* Info.plist */ = {isa = PBXFileReference; lastKnownFileType = text.plist.xml; path = Info.plist; sourceTree = "<group>"; };
		DC0A166720A95E890061A476 /* Interest.swift */ = {isa = PBXFileReference; lastKnownFileType = sourcecode.swift; path = Interest.swift; sourceTree = "<group>"; };
		DC0A166920A961B10061A476 /* InterestCollectionViewCell.swift */ = {isa = PBXFileReference; lastKnownFileType = sourcecode.swift; path = InterestCollectionViewCell.swift; sourceTree = "<group>"; };
/* End PBXFileReference section */

/* Begin PBXFrameworksBuildPhase section */
		DC0A163320A93D7B0061A476 /* Frameworks */ = {
			isa = PBXFrameworksBuildPhase;
			buildActionMask = 2147483647;
			files = (
			);
			runOnlyForDeploymentPostprocessing = 0;
		};
		DC0A164720A93D7C0061A476 /* Frameworks */ = {
			isa = PBXFrameworksBuildPhase;
			buildActionMask = 2147483647;
			files = (
			);
			runOnlyForDeploymentPostprocessing = 0;
		};
		DC0A165220A93D7C0061A476 /* Frameworks */ = {
			isa = PBXFrameworksBuildPhase;
			buildActionMask = 2147483647;
			files = (
			);
			runOnlyForDeploymentPostprocessing = 0;
		};
/* End PBXFrameworksBuildPhase section */

/* Begin PBXGroup section */
		DC0A162D20A93D7B0061A476 = {
			isa = PBXGroup;
			children = (
				DC0A163820A93D7B0061A476 /* swiftTest6 */,
				DC0A164D20A93D7C0061A476 /* swiftTest6Tests */,
				DC0A165820A93D7C0061A476 /* swiftTest6UITests */,
				DC0A163720A93D7B0061A476 /* Products */,
			);
			sourceTree = "<group>";
		};
		DC0A163720A93D7B0061A476 /* Products */ = {
			isa = PBXGroup;
			children = (
				DC0A163620A93D7B0061A476 /* swiftTest6.app */,
				DC0A164A20A93D7C0061A476 /* swiftTest6Tests.xctest */,
				DC0A165520A93D7C0061A476 /* swiftTest6UITests.xctest */,
			);
			name = Products;
			sourceTree = "<group>";
		};
		DC0A163820A93D7B0061A476 /* swiftTest6 */ = {
			isa = PBXGroup;
			children = (
				DC0A163920A93D7B0061A476 /* AppDelegate.swift */,
				DC0A163B20A93D7B0061A476 /* ViewController.swift */,
				DC0A166720A95E890061A476 /* Interest.swift */,
				DC0A166920A961B10061A476 /* InterestCollectionViewCell.swift */,
				DC0A163D20A93D7B0061A476 /* Main.storyboard */,
				DC0A164020A93D7C0061A476 /* Assets.xcassets */,
				DC0A164220A93D7C0061A476 /* LaunchScreen.storyboard */,
				DC0A164520A93D7C0061A476 /* Info.plist */,
			);
			path = swiftTest6;
			sourceTree = "<group>";
		};
		DC0A164D20A93D7C0061A476 /* swiftTest6Tests */ = {
			isa = PBXGroup;
			children = (
				DC0A164E20A93D7C0061A476 /* swiftTest6Tests.swift */,
				DC0A165020A93D7C0061A476 /* Info.plist */,
			);
			path = swiftTest6Tests;
			sourceTree = "<group>";
		};
		DC0A165820A93D7C0061A476 /* swiftTest6UITests */ = {
			isa = PBXGroup;
			children = (
				DC0A165920A93D7C0061A476 /* swiftTest6UITests.swift */,
				DC0A165B20A93D7C0061A476 /* Info.plist */,
			);
			path = swiftTest6UITests;
			sourceTree = "<group>";
		};
/* End PBXGroup section */

/* Begin PBXNativeTarget section */
		DC0A163520A93D7B0061A476 /* swiftTest6 */ = {
			isa = PBXNativeTarget;
			buildConfigurationList = DC0A165E20A93D7C0061A476 /* Build configuration list for PBXNativeTarget "swiftTest6" */;
			buildPhases = (
				DC0A163220A93D7B0061A476 /* Sources */,
				DC0A163320A93D7B0061A476 /* Frameworks */,
				DC0A163420A93D7B0061A476 /* Resources */,
			);
			buildRules = (
			);
			dependencies = (
			);
			name = swiftTest6;
			productName = swiftTest6;
			productReference = DC0A163620A93D7B0061A476 /* swiftTest6.app */;
			productType = "com.apple.product-type.application";
		};
		DC0A164920A93D7C0061A476 /* swiftTest6Tests */ = {
			isa = PBXNativeTarget;
			buildConfigurationList = DC0A166120A93D7C0061A476 /* Build configuration list for PBXNativeTarget "swiftTest6Tests" */;
			buildPhases = (
				DC0A164620A93D7C0061A476 /* Sources */,
				DC0A164720A93D7C0061A476 /* Frameworks */,
				DC0A164820A93D7C0061A476 /* Resources */,
			);
			buildRules = (
			);
			dependencies = (
				DC0A164C20A93D7C0061A476 /* PBXTargetDependency */,
			);
			name = swiftTest6Tests;
			productName = swiftTest6Tests;
			productReference = DC0A164A20A93D7C0061A476 /* swiftTest6Tests.xctest */;
			productType = "com.apple.product-type.bundle.unit-test";
		};
		DC0A165420A93D7C0061A476 /* swiftTest6UITests */ = {
			isa = PBXNativeTarget;
			buildConfigurationList = DC0A166420A93D7C0061A476 /* Build configuration list for PBXNativeTarget "swiftTest6UITests" */;
			buildPhases = (
				DC0A165120A93D7C0061A476 /* Sources */,
				DC0A165220A93D7C0061A476 /* Frameworks */,
				DC0A165320A93D7C0061A476 /* Resources */,
			);
			buildRules = (
			);
			dependencies = (
				DC0A165720A93D7C0061A476 /* PBXTargetDependency */,
			);
			name = swiftTest6UITests;
			productName = swiftTest6UITests;
			productReference = DC0A165520A93D7C0061A476 /* swiftTest6UITests.xctest */;
			productType = "com.apple.product-type.bundle.ui-testing";
		};
/* End PBXNativeTarget section */

/* Begin PBXProject section */
		DC0A162E20A93D7B0061A476 /* Project object */ = {
			isa = PBXProject;
			attributes = {
				LastSwiftUpdateCheck = 0930;
				LastUpgradeCheck = 0930;
				ORGANIZATIONNAME = "李俊成";
				TargetAttributes = {
					DC0A163520A93D7B0061A476 = {
						CreatedOnToolsVersion = 9.3;
					};
					DC0A164920A93D7C0061A476 = {
						CreatedOnToolsVersion = 9.3;
						TestTargetID = DC0A163520A93D7B0061A476;
					};
					DC0A165420A93D7C0061A476 = {
						CreatedOnToolsVersion = 9.3;
						TestTargetID = DC0A163520A93D7B0061A476;
					};
				};
			};
			buildConfigurationList = DC0A163120A93D7B0061A476 /* Build configuration list for PBXProject "swiftTest6" */;
			compatibilityVersion = "Xcode 9.3";
			developmentRegion = en;
			hasScannedForEncodings = 0;
			knownRegions = (
				en,
				Base,
			);
			mainGroup = DC0A162D20A93D7B0061A476;
			productRefGroup = DC0A163720A93D7B0061A476 /* Products */;
			projectDirPath = "";
			projectRoot = "";
			targets = (
				DC0A163520A93D7B0061A476 /* swiftTest6 */,
				DC0A164920A93D7C0061A476 /* swiftTest6Tests */,
				DC0A165420A93D7C0061A476 /* swiftTest6UITests */,
			);
		};
/* End PBXProject section */

/* Begin PBXResourcesBuildPhase section */
		DC0A163420A93D7B0061A476 /* Resources */ = {
			isa = PBXResourcesBuildPhase;
			buildActionMask = 2147483647;
			files = (
				DC0A164420A93D7C0061A476 /* LaunchScreen.storyboard in Resources */,
				DC0A164120A93D7C0061A476 /* Assets.xcassets in Resources */,
				DC0A163F20A93D7B0061A476 /* Main.storyboard in Resources */,
			);
			runOnlyForDeploymentPostprocessing = 0;
		};
		DC0A164820A93D7C0061A476 /* Resources */ = {
			isa = PBXResourcesBuildPhase;
			buildActionMask = 2147483647;
			files = (
			);
			runOnlyForDeploymentPostprocessing = 0;
		};
		DC0A165320A93D7C0061A476 /* Resources */ = {
			isa = PBXResourcesBuildPhase;
			buildActionMask = 2147483647;
			files = (
			);
			runOnlyForDeploymentPostprocessing = 0;
		};
/* End PBXResourcesBuildPhase section */

/* Begin PBXSourcesBuildPhase section */
		DC0A163220A93D7B0061A476 /* Sources */ = {
			isa = PBXSourcesBuildPhase;
			buildActionMask = 2147483647;
			files = (
				DC0A166A20A961B10061A476 /* InterestCollectionViewCell.swift in Sources */,
				DC0A166820A95E890061A476 /* Interest.swift in Sources */,
				DC0A163C20A93D7B0061A476 /* ViewController.swift in Sources */,
				DC0A163A20A93D7B0061A476 /* AppDelegate.swift in Sources */,
			);
			runOnlyForDeploymentPostprocessing = 0;
		};
		DC0A164620A93D7C0061A476 /* Sources */ = {
			isa = PBXSourcesBuildPhase;
			buildActionMask = 2147483647;
			files = (
				DC0A164F20A93D7C0061A476 /* swiftTest6Tests.swift in Sources */,
			);
			runOnlyForDeploymentPostprocessing = 0;
		};
		DC0A165120A93D7C0061A476 /* Sources */ = {
			isa = PBXSourcesBuildPhase;
			buildActionMask = 2147483647;
			files = (
				DC0A165A20A93D7C0061A476 /* swiftTest6UITests.swift in Sources */,
			);
			runOnlyForDeploymentPostprocessing = 0;
		};
/* End PBXSourcesBuildPhase section */

/* Begin PBXTargetDependency section */
		DC0A164C20A93D7C0061A476 /* PBXTargetDependency */ = {
			isa = PBXTargetDependency;
			target = DC0A163520A93D7B0061A476 /* swiftTest6 */;
			targetProxy = DC0A164B20A93D7C0061A476 /* PBXContainerItemProxy */;
		};
		DC0A165720A93D7C0061A476 /* PBXTargetDependency */ = {
			isa = PBXTargetDependency;
			target = DC0A163520A93D7B0061A476 /* swiftTest6 */;
			targetProxy = DC0A165620A93D7C0061A476 /* PBXContainerItemProxy */;
		};
/* End PBXTargetDependency section */

/* Begin PBXVariantGroup section */
		DC0A163D20A93D7B0061A476 /* Main.storyboard */ = {
			isa = PBXVariantGroup;
			children = (
				DC0A163E20A93D7B0061A476 /* Base */,
			);
			name = Main.storyboard;
			sourceTree = "<group>";
		};
		DC0A164220A93D7C0061A476 /* LaunchScreen.storyboard */ = {
			isa = PBXVariantGroup;
			children = (
				DC0A164320A93D7C0061A476 /* Base */,
			);
			name = LaunchScreen.storyboard;
			sourceTree = "<group>";
		};
/* End PBXVariantGroup section */

/* Begin XCBuildConfiguration section */
		DC0A165C20A93D7C0061A476 /* Debug */ = {
			isa = XCBuildConfiguration;
			buildSettings = {
				ALWAYS_SEARCH_USER_PATHS = NO;
				CLANG_ANALYZER_NONNULL = YES;
				CLANG_ANALYZER_NUMBER_OBJECT_CONVERSION = YES_AGGRESSIVE;
				CLANG_CXX_LANGUAGE_STANDARD = "gnu++14";
				CLANG_CXX_LIBRARY = "libc++";
				CLANG_ENABLE_MODULES = YES;
				CLANG_ENABLE_OBJC_ARC = YES;
				CLANG_ENABLE_OBJC_WEAK = YES;
				CLANG_WARN_BLOCK_CAPTURE_AUTORELEASING = YES;
				CLANG_WARN_BOOL_CONVERSION = YES;
				CLANG_WARN_COMMA = YES;
				CLANG_WARN_CONSTANT_CONVERSION = YES;
				CLANG_WARN_DEPRECATED_OBJC_IMPLEMENTATIONS = YES;
				CLANG_WARN_DIRECT_OBJC_ISA_USAGE = YES_ERROR;
				CLANG_WARN_DOCUMENTATION_COMMENTS = YES;
				CLANG_WARN_EMPTY_BODY = YES;
				CLANG_WARN_ENUM_CONVERSION = YES;
				CLANG_WARN_INFINITE_RECURSION = YES;
				CLANG_WARN_INT_CONVERSION = YES;
				CLANG_WARN_NON_LITERAL_NULL_CONVERSION = YES;
				CLANG_WARN_OBJC_IMPLICIT_RETAIN_SELF = YES;
				CLANG_WARN_OBJC_LITERAL_CONVERSION = YES;
				CLANG_WARN_OBJC_ROOT_CLASS = YES_ERROR;
				CLANG_WARN_RANGE_LOOP_ANALYSIS = YES;
				CLANG_WARN_STRICT_PROTOTYPES = YES;
				CLANG_WARN_SUSPICIOUS_MOVE = YES;
				CLANG_WARN_UNGUARDED_AVAILABILITY = YES_AGGRESSIVE;
				CLANG_WARN_UNREACHABLE_CODE = YES;
				CLANG_WARN__DUPLICATE_METHOD_MATCH = YES;
				CODE_SIGN_IDENTITY = "iPhone Developer";
				COPY_PHASE_STRIP = NO;
				DEBUG_INFORMATION_FORMAT = dwarf;
				ENABLE_STRICT_OBJC_MSGSEND = YES;
				ENABLE_TESTABILITY = YES;
				GCC_C_LANGUAGE_STANDARD = gnu11;
				GCC_DYNAMIC_NO_PIC = NO;
				GCC_NO_COMMON_BLOCKS = YES;
				GCC_OPTIMIZATION_LEVEL = 0;
				GCC_PREPROCESSOR_DEFINITIONS = (
					"DEBUG=1",
					"$(inherited)",
				);
				GCC_WARN_64_TO_32_BIT_CONVERSION = YES;
				GCC_WARN_ABOUT_RETURN_TYPE = YES_ERROR;
				GCC_WARN_UNDECLARED_SELECTOR = YES;
				GCC_WARN_UNINITIALIZED_AUTOS = YES_AGGRESSIVE;
				GCC_WARN_UNUSED_FUNCTION = YES;
				GCC_WARN_UNUSED_VARIABLE = YES;
				IPHONEOS_DEPLOYMENT_TARGET = 11.3;
				MTL_ENABLE_DEBUG_INFO = YES;
				ONLY_ACTIVE_ARCH = YES;
				SDKROOT = iphoneos;
				SWIFT_ACTIVE_COMPILATION_CONDITIONS = DEBUG;
				SWIFT_OPTIMIZATION_LEVEL = "-Onone";
			};
			name = Debug;
		};
		DC0A165D20A93D7C0061A476 /* Release */ = {
			isa = XCBuildConfiguration;
			buildSettings = {
				ALWAYS_SEARCH_USER_PATHS = NO;
				CLANG_ANALYZER_NONNULL = YES;
				CLANG_ANALYZER_NUMBER_OBJECT_CONVERSION = YES_AGGRESSIVE;
				CLANG_CXX_LANGUAGE_STANDARD = "gnu++14";
				CLANG_CXX_LIBRARY = "libc++";
				CLANG_ENABLE_MODULES = YES;
				CLANG_ENABLE_OBJC_ARC = YES;
				CLANG_ENABLE_OBJC_WEAK = YES;
				CLANG_WARN_BLOCK_CAPTURE_AUTORELEASING = YES;
				CLANG_WARN_BOOL_CONVERSION = YES;
				CLANG_WARN_COMMA = YES;
				CLANG_WARN_CONSTANT_CONVERSION = YES;
				CLANG_WARN_DEPRECATED_OBJC_IMPLEMENTATIONS = YES;
				CLANG_WARN_DIRECT_OBJC_ISA_USAGE = YES_ERROR;
				CLANG_WARN_DOCUMENTATION_COMMENTS = YES;
				CLANG_WARN_EMPTY_BODY = YES;
				CLANG_WARN_ENUM_CONVERSION = YES;
				CLANG_WARN_INFINITE_RECURSION = YES;
				CLANG_WARN_INT_CONVERSION = YES;
				CLANG_WARN_NON_LITERAL_NULL_CONVERSION = YES;
				CLANG_WARN_OBJC_IMPLICIT_RETAIN_SELF = YES;
				CLANG_WARN_OBJC_LITERAL_CONVERSION = YES;
				CLANG_WARN_OBJC_ROOT_CLASS = YES_ERROR;
				CLANG_WARN_RANGE_LOOP_ANALYSIS = YES;
				CLANG_WARN_STRICT_PROTOTYPES = YES;
				CLANG_WARN_SUSPICIOUS_MOVE = YES;
				CLANG_WARN_UNGUARDED_AVAILABILITY = YES_AGGRESSIVE;
				CLANG_WARN_UNREACHABLE_CODE = YES;
				CLANG_WARN__DUPLICATE_METHOD_MATCH = YES;
				CODE_SIGN_IDENTITY = "iPhone Developer";
				COPY_PHASE_STRIP = NO;
				DEBUG_INFORMATION_FORMAT = "dwarf-with-dsym";
				ENABLE_NS_ASSERTIONS = NO;
				ENABLE_STRICT_OBJC_MSGSEND = YES;
				GCC_C_LANGUAGE_STANDARD = gnu11;
				GCC_NO_COMMON_BLOCKS = YES;
				GCC_WARN_64_TO_32_BIT_CONVERSION = YES;
				GCC_WARN_ABOUT_RETURN_TYPE = YES_ERROR;
				GCC_WARN_UNDECLARED_SELECTOR = YES;
				GCC_WARN_UNINITIALIZED_AUTOS = YES_AGGRESSIVE;
				GCC_WARN_UNUSED_FUNCTION = YES;
				GCC_WARN_UNUSED_VARIABLE = YES;
				IPHONEOS_DEPLOYMENT_TARGET = 11.3;
				MTL_ENABLE_DEBUG_INFO = NO;
				SDKROOT = iphoneos;
				SWIFT_COMPILATION_MODE = wholemodule;
				SWIFT_OPTIMIZATION_LEVEL = "-O";
				VALIDATE_PRODUCT = YES;
			};
			name = Release;
		};
		DC0A165F20A93D7C0061A476 /* Debug */ = {
			isa = XCBuildConfiguration;
			buildSettings = {
				ASSETCATALOG_COMPILER_APPICON_NAME = AppIcon;
				CODE_SIGN_STYLE = Automatic;
				INFOPLIST_FILE = swiftTest6/Info.plist;
				LD_RUNPATH_SEARCH_PATHS = (
					"$(inherited)",
					"@executable_path/Frameworks",
				);
				PRODUCT_BUNDLE_IDENTIFIER = ljc.swiftTest6;
				PRODUCT_NAME = "$(TARGET_NAME)";
				SWIFT_VERSION = 4.0;
				TARGETED_DEVICE_FAMILY = "1,2";
			};
			name = Debug;
		};
		DC0A166020A93D7C0061A476 /* Release */ = {
			isa = XCBuildConfiguration;
			buildSettings = {
				ASSETCATALOG_COMPILER_APPICON_NAME = AppIcon;
				CODE_SIGN_STYLE = Automatic;
				INFOPLIST_FILE = swiftTest6/Info.plist;
				LD_RUNPATH_SEARCH_PATHS = (
					"$(inherited)",
					"@executable_path/Frameworks",
				);
				PRODUCT_BUNDLE_IDENTIFIER = ljc.swiftTest6;
				PRODUCT_NAME = "$(TARGET_NAME)";
				SWIFT_VERSION = 4.0;
				TARGETED_DEVICE_FAMILY = "1,2";
			};
			name = Release;
		};
		DC0A166220A93D7C0061A476 /* Debug */ = {
			isa = XCBuildConfiguration;
			buildSettings = {
				ALWAYS_EMBED_SWIFT_STANDARD_LIBRARIES = YES;
				BUNDLE_LOADER = "$(TEST_HOST)";
				CODE_SIGN_STYLE = Automatic;
				INFOPLIST_FILE = swiftTest6Tests/Info.plist;
				LD_RUNPATH_SEARCH_PATHS = (
					"$(inherited)",
					"@executable_path/Frameworks",
					"@loader_path/Frameworks",
				);
				PRODUCT_BUNDLE_IDENTIFIER = ljc.swiftTest6Tests;
				PRODUCT_NAME = "$(TARGET_NAME)";
				SWIFT_VERSION = 4.0;
				TARGETED_DEVICE_FAMILY = "1,2";
				TEST_HOST = "$(BUILT_PRODUCTS_DIR)/swiftTest6.app/swiftTest6";
			};
			name = Debug;
		};
		DC0A166320A93D7C0061A476 /* Release */ = {
			isa = XCBuildConfiguration;
			buildSettings = {
				ALWAYS_EMBED_SWIFT_STANDARD_LIBRARIES = YES;
				BUNDLE_LOADER = "$(TEST_HOST)";
				CODE_SIGN_STYLE = Automatic;
				INFOPLIST_FILE = swiftTest6Tests/Info.plist;
				LD_RUNPATH_SEARCH_PATHS = (
					"$(inherited)",
					"@executable_path/Frameworks",
					"@loader_path/Frameworks",
				);
				PRODUCT_BUNDLE_IDENTIFIER = ljc.swiftTest6Tests;
				PRODUCT_NAME = "$(TARGET_NAME)";
				SWIFT_VERSION = 4.0;
				TARGETED_DEVICE_FAMILY = "1,2";
				TEST_HOST = "$(BUILT_PRODUCTS_DIR)/swiftTest6.app/swiftTest6";
			};
			name = Release;
		};
		DC0A166520A93D7C0061A476 /* Debug */ = {
			isa = XCBuildConfiguration;
			buildSettings = {
				ALWAYS_EMBED_SWIFT_STANDARD_LIBRARIES = YES;
				CODE_SIGN_STYLE = Automatic;
				INFOPLIST_FILE = swiftTest6UITests/Info.plist;
				LD_RUNPATH_SEARCH_PATHS = (
					"$(inherited)",
					"@executable_path/Frameworks",
					"@loader_path/Frameworks",
				);
				PRODUCT_BUNDLE_IDENTIFIER = ljc.swiftTest6UITests;
				PRODUCT_NAME = "$(TARGET_NAME)";
				SWIFT_VERSION = 4.0;
				TARGETED_DEVICE_FAMILY = "1,2";
				TEST_TARGET_NAME = swiftTest6;
			};
			name = Debug;
		};
		DC0A166620A93D7C0061A476 /* Release */ = {
			isa = XCBuildConfiguration;
			buildSettings = {
				ALWAYS_EMBED_SWIFT_STANDARD_LIBRARIES = YES;
				CODE_SIGN_STYLE = Automatic;
				INFOPLIST_FILE = swiftTest6UITests/Info.plist;
				LD_RUNPATH_SEARCH_PATHS = (
					"$(inherited)",
					"@executable_path/Frameworks",
					"@loader_path/Frameworks",
				);
				PRODUCT_BUNDLE_IDENTIFIER = ljc.swiftTest6UITests;
				PRODUCT_NAME = "$(TARGET_NAME)";
				SWIFT_VERSION = 4.0;
				TARGETED_DEVICE_FAMILY = "1,2";
				TEST_TARGET_NAME = swiftTest6;
			};
			name = Release;
		};
/* End XCBuildConfiguration section */

/* Begin XCConfigurationList section */
		DC0A163120A93D7B0061A476 /* Build configuration list for PBXProject "swiftTest6" */ = {
			isa = XCConfigurationList;
			buildConfigurations = (
				DC0A165C20A93D7C0061A476 /* Debug */,
				DC0A165D20A93D7C0061A476 /* Release */,
			);
			defaultConfigurationIsVisible = 0;
			defaultConfigurationName = Release;
		};
		DC0A165E20A93D7C0061A476 /* Build configuration list for PBXNativeTarget "swiftTest6" */ = {
			isa = XCConfigurationList;
			buildConfigurations = (
				DC0A165F20A93D7C0061A476 /* Debug */,
				DC0A166020A93D7C0061A476 /* Release */,
			);
			defaultConfigurationIsVisible = 0;
			defaultConfigurationName = Release;
		};
		DC0A166120A93D7C0061A476 /* Build configuration list for PBXNativeTarget "swiftTest6Tests" */ = {
			isa = XCConfigurationList;
			buildConfigurations = (
				DC0A166220A93D7C0061A476 /* Debug */,
				DC0A166320A93D7C0061A476 /* Release */,
			);
			defaultConfigurationIsVisible = 0;
			defaultConfigurationName = Release;
		};
		DC0A166420A93D7C0061A476 /* Build configuration list for PBXNativeTarget "swiftTest6UITests" */ = {
			isa = XCConfigurationList;
			buildConfigurations = (
				DC0A166520A93D7C0061A476 /* Debug */,
				DC0A166620A93D7C0061A476 /* Release */,
			);
			defaultConfigurationIsVisible = 0;
			defaultConfigurationName = Release;
		};
/* End XCConfigurationList section */
	};
	rootObject = DC0A162E20A93D7B0061A476 /* Project object */;
}
